// !$*UTF8*$!
{
	archiveVersion = 1;
	classes = {
	};
	objectVersion = 50;
	objects = {

/* Begin PBXBuildFile section */
		A2FF72E821F429D30078A798 /* AppDelegate.swift in Sources */ = {isa = PBXBuildFile; fileRef = A2FF72E721F429D30078A798 /* AppDelegate.swift */; };
		A2FF72EA21F429D30078A798 /* ViewControllerA.swift in Sources */ = {isa = PBXBuildFile; fileRef = A2FF72E921F429D30078A798 /* ViewControllerA.swift */; };
		A2FF72ED21F429D30078A798 /* Main.storyboard in Resources */ = {isa = PBXBuildFile; fileRef = A2FF72EB21F429D30078A798 /* Main.storyboard */; };
		A2FF72EF21F429D70078A798 /* Assets.xcassets in Resources */ = {isa = PBXBuildFile; fileRef = A2FF72EE21F429D70078A798 /* Assets.xcassets */; };
		A2FF72F221F429D70078A798 /* LaunchScreen.storyboard in Resources */ = {isa = PBXBuildFile; fileRef = A2FF72F021F429D70078A798 /* LaunchScreen.storyboard */; };
		A2FF72FC21F42A3C0078A798 /* ViewControllerB.swift in Sources */ = {isa = PBXBuildFile; fileRef = A2FF72FB21F42A3C0078A798 /* ViewControllerB.swift */; };
/* End PBXBuildFile section */

/* Begin PBXFileReference section */
		A2FF72E421F429D30078A798 /* DelegateWithProtocolDemo.app */ = {isa = PBXFileReference; explicitFileType = wrapper.application; includeInIndex = 0; path = DelegateWithProtocolDemo.app; sourceTree = BUILT_PRODUCTS_DIR; };
		A2FF72E721F429D30078A798 /* AppDelegate.swift */ = {isa = PBXFileReference; lastKnownFileType = sourcecode.swift; path = AppDelegate.swift; sourceTree = "<group>"; };
		A2FF72E921F429D30078A798 /* ViewControllerA.swift */ = {isa = PBXFileReference; lastKnownFileType = sourcecode.swift; path = ViewControllerA.swift; sourceTree = "<group>"; };
		A2FF72EC21F429D30078A798 /* Base */ = {isa = PBXFileReference; lastKnownFileType = file.storyboard; name = Base; path = Base.lproj/Main.storyboard; sourceTree = "<group>"; };
		A2FF72EE21F429D70078A798 /* Assets.xcassets */ = {isa = PBXFileReference; lastKnownFileType = folder.assetcatalog; path = Assets.xcassets; sourceTree = "<group>"; };
		A2FF72F121F429D70078A798 /* Base */ = {isa = PBXFileReference; lastKnownFileType = file.storyboard; name = Base; path = Base.lproj/LaunchScreen.storyboard; sourceTree = "<group>"; };
		A2FF72F321F429D80078A798 /* Info.plist */ = {isa = PBXFileReference; lastKnownFileType = text.plist.xml; path = Info.plist; sourceTree = "<group>"; };
		A2FF72FB21F42A3C0078A798 /* ViewControllerB.swift */ = {isa = PBXFileReference; lastKnownFileType = sourcecode.swift; path = ViewControllerB.swift; sourceTree = "<group>"; };
/* End PBXFileReference section */

/* Begin PBXFrameworksBuildPhase section */
		A2FF72E121F429D30078A798 /* Frameworks */ = {
			isa = PBXFrameworksBuildPhase;
			buildActionMask = 2147483647;
			files = (
			);
			runOnlyForDeploymentPostprocessing = 0;
		};
/* End PBXFrameworksBuildPhase section */

/* Begin PBXGroup section */
		A2FF72DB21F429D30078A798 = {
			isa = PBXGroup;
			children = (
				A2FF72E621F429D30078A798 /* DelegateWithProtocolDemo */,
				A2FF72E521F429D30078A798 /* Products */,
			);
			sourceTree = "<group>";
		};
		A2FF72E521F429D30078A798 /* Products */ = {
			isa = PBXGroup;
			children = (
				A2FF72E421F429D30078A798 /* DelegateWithProtocolDemo.app */,
			);
			name = Products;
			sourceTree = "<group>";
		};
		A2FF72E621F429D30078A798 /* DelegateWithProtocolDemo */ = {
			isa = PBXGroup;
			children = (
				A2FF72E721F429D30078A798 /* AppDelegate.swift */,
				A2FF72FA21F429F50078A798 /* Storyboard */,
				A2FF72F921F429EB0078A798 /* ViewController */,
				A2FF72EE21F429D70078A798 /* Assets.xcassets */,
				A2FF72F321F429D80078A798 /* Info.plist */,
			);
			path = DelegateWithProtocolDemo;
			sourceTree = "<group>";
		};
		A2FF72F921F429EB0078A798 /* ViewController */ = {
			isa = PBXGroup;
			children = (
				A2FF72E921F429D30078A798 /* ViewControllerA.swift */,
				A2FF72FB21F42A3C0078A798 /* ViewControllerB.swift */,
			);
			path = ViewController;
			sourceTree = "<group>";
		};
		A2FF72FA21F429F50078A798 /* Storyboard */ = {
			isa = PBXGroup;
			children = (
				A2FF72F021F429D70078A798 /* LaunchScreen.storyboard */,
				A2FF72EB21F429D30078A798 /* Main.storyboard */,
			);
			path = Storyboard;
			sourceTree = "<group>";
		};
/* End PBXGroup section */

/* Begin PBXNativeTarget section */
		A2FF72E321F429D30078A798 /* DelegateWithProtocolDemo */ = {
			isa = PBXNativeTarget;
			buildConfigurationList = A2FF72F621F429D80078A798 /* Build configuration list for PBXNativeTarget "DelegateWithProtocolDemo" */;
			buildPhases = (
				A2FF72E021F429D30078A798 /* Sources */,
				A2FF72E121F429D30078A798 /* Frameworks */,
				A2FF72E221F429D30078A798 /* Resources */,
			);
			buildRules = (
			);
			dependencies = (
			);
			name = DelegateWithProtocolDemo;
			productName = DelegateWithProtocolDemo;
			productReference = A2FF72E421F429D30078A798 /* DelegateWithProtocolDemo.app */;
			productType = "com.apple.product-type.application";
		};
/* End PBXNativeTarget section */

/* Begin PBXProject section */
		A2FF72DC21F429D30078A798 /* Project object */ = {
			isa = PBXProject;
			attributes = {
				LastSwiftUpdateCheck = 1010;
				LastUpgradeCheck = 1010;
				ORGANIZATIONNAME = "Jason Son";
				TargetAttributes = {
					A2FF72E321F429D30078A798 = {
						CreatedOnToolsVersion = 10.1;
					};
				};
			};
			buildConfigurationList = A2FF72DF21F429D30078A798 /* Build configuration list for PBXProject "DelegateWithProtocolDemo" */;
			compatibilityVersion = "Xcode 9.3";
			developmentRegion = en;
			hasScannedForEncodings = 0;
			knownRegions = (
				en,
				Base,
			);
			mainGroup = A2FF72DB21F429D30078A798;
			productRefGroup = A2FF72E521F429D30078A798 /* Products */;
			projectDirPath = "";
			projectRoot = "";
			targets = (
				A2FF72E321F429D30078A798 /* DelegateWithProtocolDemo */,
			);
		};
/* End PBXProject section */

/* Begin PBXResourcesBuildPhase section */
		A2FF72E221F429D30078A798 /* Resources */ = {
			isa = PBXResourcesBuildPhase;
			buildActionMask = 2147483647;
			files = (
				A2FF72F221F429D70078A798 /* LaunchScreen.storyboard in Resources */,
				A2FF72EF21F429D70078A798 /* Assets.xcassets in Resources */,
				A2FF72ED21F429D30078A798 /* Main.storyboard in Resources */,
			);
			runOnlyForDeploymentPostprocessing = 0;
		};
/* End PBXResourcesBuildPhase section */

/* Begin PBXSourcesBuildPhase section */
		A2FF72E021F429D30078A798 /* Sources */ = {
			isa = PBXSourcesBuildPhase;
			buildActionMask = 2147483647;
			files = (
				A2FF72FC21F42A3C0078A798 /* ViewControllerB.swift in Sources */,
				A2FF72EA21F429D30078A798 /* ViewControllerA.swift in Sources */,
				A2FF72E821F429D30078A798 /* AppDelegate.swift in Sources */,
			);
			runOnlyForDeploymentPostprocessing = 0;
		};
/* End PBXSourcesBuildPhase section */

/* Begin PBXVariantGroup section */
		A2FF72EB21F429D30078A798 /* Main.storyboard */ = {
			isa = PBXVariantGroup;
			children = (
				A2FF72EC21F429D30078A798 /* Base */,
			);
			name = Main.storyboard;
			sourceTree = "<group>";
		};
		A2FF72F021F429D70078A798 /* LaunchScreen.storyboard */ = {
			isa = PBXVariantGroup;
			children = (
				A2FF72F121F429D70078A798 /* Base */,
			);
			name = LaunchScreen.storyboard;
			sourceTree = "<group>";
		};
/* End PBXVariantGroup section */

/* Begin XCBuildConfiguration section */
		A2FF72F421F429D80078A798 /* Debug */ = {
			isa = XCBuildConfiguration;
			buildSettings = {
				ALWAYS_SEARCH_USER_PATHS = NO;
				CLANG_ANALYZER_NONNULL = YES;
				CLANG_ANALYZER_NUMBER_OBJECT_CONVERSION = YES_AGGRESSIVE;
				CLANG_CXX_LANGUAGE_STANDARD = "gnu++14";
				CLANG_CXX_LIBRARY = "libc++";
				CLANG_ENABLE_MODULES = YES;
				CLANG_ENABLE_OBJC_ARC = YES;
				CLANG_ENABLE_OBJC_WEAK = YES;
				CLANG_WARN_BLOCK_CAPTURE_AUTORELEASING = YES;
				CLANG_WARN_BOOL_CONVERSION = YES;
				CLANG_WARN_COMMA = YES;
				CLANG_WARN_CONSTANT_CONVERSION = YES;
				CLANG_WARN_DEPRECATED_OBJC_IMPLEMENTATIONS = YES;
				CLANG_WARN_DIRECT_OBJC_ISA_USAGE = YES_ERROR;
				CLANG_WARN_DOCUMENTATION_COMMENTS = YES;
				CLANG_WARN_EMPTY_BODY = YES;
				CLANG_WARN_ENUM_CONVERSION = YES;
				CLANG_WARN_INFINITE_RECURSION = YES;
				CLANG_WARN_INT_CONVERSION = YES;
				CLANG_WARN_NON_LITERAL_NULL_CONVERSION = YES;
				CLANG_WARN_OBJC_IMPLICIT_RETAIN_SELF = YES;
				CLANG_WARN_OBJC_LITERAL_CONVERSION = YES;
				CLANG_WARN_OBJC_ROOT_CLASS = YES_ERROR;
				CLANG_WARN_RANGE_LOOP_ANALYSIS = YES;
				CLANG_WARN_STRICT_PROTOTYPES = YES;
				CLANG_WARN_SUSPICIOUS_MOVE = YES;
				CLANG_WARN_UNGUARDED_AVAILABILITY = YES_AGGRESSIVE;
				CLANG_WARN_UNREACHABLE_CODE = YES;
				CLANG_WARN__DUPLICATE_METHOD_MATCH = YES;
				CODE_SIGN_IDENTITY = "iPhone Developer";
				COPY_PHASE_STRIP = NO;
				DEBUG_INFORMATION_FORMAT = dwarf;
				ENABLE_STRICT_OBJC_MSGSEND = YES;
				ENABLE_TESTABILITY = YES;
				GCC_C_LANGUAGE_STANDARD = gnu11;
				GCC_DYNAMIC_NO_PIC = NO;
				GCC_NO_COMMON_BLOCKS = YES;
				GCC_OPTIMIZATION_LEVEL = 0;
				GCC_PREPROCESSOR_DEFINITIONS = (
					"DEBUG=1",
					"$(inherited)",
				);
				GCC_WARN_64_TO_32_BIT_CONVERSION = YES;
				GCC_WARN_ABOUT_RETURN_TYPE = YES_ERROR;
				GCC_WARN_UNDECLARED_SELECTOR = YES;
				GCC_WARN_UNINITIALIZED_AUTOS = YES_AGGRESSIVE;
				GCC_WARN_UNUSED_FUNCTION = YES;
				GCC_WARN_UNUSED_VARIABLE = YES;
				IPHONEOS_DEPLOYMENT_TARGET = 9.0;
				MTL_ENABLE_DEBUG_INFO = INCLUDE_SOURCE;
				MTL_FAST_MATH = YES;
				ONLY_ACTIVE_ARCH = YES;
				SDKROOT = iphoneos;
				SWIFT_ACTIVE_COMPILATION_CONDITIONS = DEBUG;
				SWIFT_OPTIMIZATION_LEVEL = "-Onone";
			};
			name = Debug;
		};
		A2FF72F521F429D80078A798 /* Release */ = {
			isa = XCBuildConfiguration;
			buildSettings = {
				ALWAYS_SEARCH_USER_PATHS = NO;
				CLANG_ANALYZER_NONNULL = YES;
				CLANG_ANALYZER_NUMBER_OBJECT_CONVERSION = YES_AGGRESSIVE;
				CLANG_CXX_LANGUAGE_STANDARD = "gnu++14";
				CLANG_CXX_LIBRARY = "libc++";
				CLANG_ENABLE_MODULES = YES;
				CLANG_ENABLE_OBJC_ARC = YES;
				CLANG_ENABLE_OBJC_WEAK = YES;
				CLANG_WARN_BLOCK_CAPTURE_AUTORELEASING = YES;
				CLANG_WARN_BOOL_CONVERSION = YES;
				CLANG_WARN_COMMA = YES;
				CLANG_WARN_CONSTANT_CONVERSION = YES;
				CLANG_WARN_DEPRECATED_OBJC_IMPLEMENTATIONS = YES;
				CLANG_WARN_DIRECT_OBJC_ISA_USAGE = YES_ERROR;
				CLANG_WARN_DOCUMENTATION_COMMENTS = YES;
				CLANG_WARN_EMPTY_BODY = YES;
				CLANG_WARN_ENUM_CONVERSION = YES;
				CLANG_WARN_INFINITE_RECURSION = YES;
				CLANG_WARN_INT_CONVERSION = YES;
				CLANG_WARN_NON_LITERAL_NULL_CONVERSION = YES;
				CLANG_WARN_OBJC_IMPLICIT_RETAIN_SELF = YES;
				CLANG_WARN_OBJC_LITERAL_CONVERSION = YES;
				CLANG_WARN_OBJC_ROOT_CLASS = YES_ERROR;
				CLANG_WARN_RANGE_LOOP_ANALYSIS = YES;
				CLANG_WARN_STRICT_PROTOTYPES = YES;
				CLANG_WARN_SUSPICIOUS_MOVE = YES;
				CLANG_WARN_UNGUARDED_AVAILABILITY = YES_AGGRESSIVE;
				CLANG_WARN_UNREACHABLE_CODE = YES;
				CLANG_WARN__DUPLICATE_METHOD_MATCH = YES;
				CODE_SIGN_IDENTITY = "iPhone Developer";
				COPY_PHASE_STRIP = NO;
				DEBUG_INFORMATION_FORMAT = "dwarf-with-dsym";
				ENABLE_NS_ASSERTIONS = NO;
				ENABLE_STRICT_OBJC_MSGSEND = YES;
				GCC_C_LANGUAGE_STANDARD = gnu11;
				GCC_NO_COMMON_BLOCKS = YES;
				GCC_WARN_64_TO_32_BIT_CONVERSION = YES;
				GCC_WARN_ABOUT_RETURN_TYPE = YES_ERROR;
				GCC_WARN_UNDECLARED_SELECTOR = YES;
				GCC_WARN_UNINITIALIZED_AUTOS = YES_AGGRESSIVE;
				GCC_WARN_UNUSED_FUNCTION = YES;
				GCC_WARN_UNUSED_VARIABLE = YES;
				IPHONEOS_DEPLOYMENT_TARGET = 9.0;
				MTL_ENABLE_DEBUG_INFO = NO;
				MTL_FAST_MATH = YES;
				SDKROOT = iphoneos;
				SWIFT_COMPILATION_MODE = wholemodule;
				SWIFT_OPTIMIZATION_LEVEL = "-O";
				VALIDATE_PRODUCT = YES;
			};
			name = Release;
		};
		A2FF72F721F429D80078A798 /* Debug */ = {
			isa = XCBuildConfiguration;
			buildSettings = {
				ASSETCATALOG_COMPILER_APPICON_NAME = AppIcon;
				CODE_SIGN_STYLE = Automatic;
				DEVELOPMENT_TEAM = 5R6Y23THY4;
				INFOPLIST_FILE = DelegateWithProtocolDemo/Info.plist;
				LD_RUNPATH_SEARCH_PATHS = (
					"$(inherited)",
					"@executable_path/Frameworks",
				);
				PRODUCT_BUNDLE_IDENTIFIER = com.jasonson.DelegateWithProtocolDemo;
				PRODUCT_NAME = "$(TARGET_NAME)";
				SWIFT_VERSION = 4.2;
				TARGETED_DEVICE_FAMILY = "1,2";
			};
			name = Debug;
		};
		A2FF72F821F429D80078A798 /* Release */ = {
			isa = XCBuildConfiguration;
			buildSettings = {
				ASSETCATALOG_COMPILER_APPICON_NAME = AppIcon;
				CODE_SIGN_STYLE = Automatic;
				DEVELOPMENT_TEAM = 5R6Y23THY4;
				INFOPLIST_FILE = DelegateWithProtocolDemo/Info.plist;
				LD_RUNPATH_SEARCH_PATHS = (
					"$(inherited)",
					"@executable_path/Frameworks",
				);
				PRODUCT_BUNDLE_IDENTIFIER = com.jasonson.DelegateWithProtocolDemo;
				PRODUCT_NAME = "$(TARGET_NAME)";
				SWIFT_VERSION = 4.2;
				TARGETED_DEVICE_FAMILY = "1,2";
			};
			name = Release;
		};
/* End XCBuildConfiguration section */

/* Begin XCConfigurationList section */
		A2FF72DF21F429D30078A798 /* Build configuration list for PBXProject "DelegateWithProtocolDemo" */ = {
			isa = XCConfigurationList;
			buildConfigurations = (
				A2FF72F421F429D80078A798 /* Debug */,
				A2FF72F521F429D80078A798 /* Release */,
			);
			defaultConfigurationIsVisible = 0;
			defaultConfigurationName = Release;
		};
		A2FF72F621F429D80078A798 /* Build configuration list for PBXNativeTarget "DelegateWithProtocolDemo" */ = {
			isa = XCConfigurationList;
			buildConfigurations = (
				A2FF72F721F429D80078A798 /* Debug */,
				A2FF72F821F429D80078A798 /* Release */,
			);
			defaultConfigurationIsVisible = 0;
			defaultConfigurationName = Release;
		};
/* End XCConfigurationList section */
	};
	rootObject = A2FF72DC21F429D30078A798 /* Project object */;
}
