// !$*UTF8*$!
{
	archiveVersion = 1;
	classes = {
	};
	objectVersion = 50;
	objects = {

/* Begin PBXBuildFile section */
		404AE8AA0C38F6CF16E0B926 /* Pods_QuickAndNimbleUnitTestingDemo.framework in Frameworks */ = {isa = PBXBuildFile; fileRef = AEDA572CFBAD2FAC2577896A /* Pods_QuickAndNimbleUnitTestingDemo.framework */; };
		90D1DB736E7E5A9A0AAAD214 /* Pods_QuickAndNimbleUnitTestingDemoTests.framework in Frameworks */ = {isa = PBXBuildFile; fileRef = B234C82CFE745924F5CC703C /* Pods_QuickAndNimbleUnitTestingDemoTests.framework */; };
		A250981621CCC4A6004C9836 /* AppDelegate.swift in Sources */ = {isa = PBXBuildFile; fileRef = A250981521CCC4A6004C9836 /* AppDelegate.swift */; };
		A250981821CCC4A6004C9836 /* ViewController.swift in Sources */ = {isa = PBXBuildFile; fileRef = A250981721CCC4A6004C9836 /* ViewController.swift */; };
		A250981B21CCC4A6004C9836 /* Main.storyboard in Resources */ = {isa = PBXBuildFile; fileRef = A250981921CCC4A6004C9836 /* Main.storyboard */; };
		A250981D21CCC4A7004C9836 /* Assets.xcassets in Resources */ = {isa = PBXBuildFile; fileRef = A250981C21CCC4A7004C9836 /* Assets.xcassets */; };
		A250982021CCC4A7004C9836 /* LaunchScreen.storyboard in Resources */ = {isa = PBXBuildFile; fileRef = A250981E21CCC4A7004C9836 /* LaunchScreen.storyboard */; };
		A250982B21CCC4A8004C9836 /* QuickAndNimbleUnitTestingDemoTests.swift in Sources */ = {isa = PBXBuildFile; fileRef = A250982A21CCC4A8004C9836 /* QuickAndNimbleUnitTestingDemoTests.swift */; };
/* End PBXBuildFile section */

/* Begin PBXContainerItemProxy section */
		A250982721CCC4A8004C9836 /* PBXContainerItemProxy */ = {
			isa = PBXContainerItemProxy;
			containerPortal = A250980A21CCC4A6004C9836 /* Project object */;
			proxyType = 1;
			remoteGlobalIDString = A250981121CCC4A6004C9836;
			remoteInfo = QuickAndNimbleUnitTestingDemo;
		};
/* End PBXContainerItemProxy section */

/* Begin PBXFileReference section */
		0F31D5F0659C92E395C0CB14 /* Pods-QuickAndNimbleUnitTestingDemo.release.xcconfig */ = {isa = PBXFileReference; includeInIndex = 1; lastKnownFileType = text.xcconfig; name = "Pods-QuickAndNimbleUnitTestingDemo.release.xcconfig"; path = "Pods/Target Support Files/Pods-QuickAndNimbleUnitTestingDemo/Pods-QuickAndNimbleUnitTestingDemo.release.xcconfig"; sourceTree = "<group>"; };
		30592B14A86FBAC8B1DBEEE9 /* Pods-QuickAndNimbleUnitTestingDemoTests.release.xcconfig */ = {isa = PBXFileReference; includeInIndex = 1; lastKnownFileType = text.xcconfig; name = "Pods-QuickAndNimbleUnitTestingDemoTests.release.xcconfig"; path = "Pods/Target Support Files/Pods-QuickAndNimbleUnitTestingDemoTests/Pods-QuickAndNimbleUnitTestingDemoTests.release.xcconfig"; sourceTree = "<group>"; };
		6C37EB520A688658CA55329D /* Pods-QuickAndNimbleUnitTestingDemoTests.debug.xcconfig */ = {isa = PBXFileReference; includeInIndex = 1; lastKnownFileType = text.xcconfig; name = "Pods-QuickAndNimbleUnitTestingDemoTests.debug.xcconfig"; path = "Pods/Target Support Files/Pods-QuickAndNimbleUnitTestingDemoTests/Pods-QuickAndNimbleUnitTestingDemoTests.debug.xcconfig"; sourceTree = "<group>"; };
		A250981221CCC4A6004C9836 /* QuickAndNimbleUnitTestingDemo.app */ = {isa = PBXFileReference; explicitFileType = wrapper.application; includeInIndex = 0; path = QuickAndNimbleUnitTestingDemo.app; sourceTree = BUILT_PRODUCTS_DIR; };
		A250981521CCC4A6004C9836 /* AppDelegate.swift */ = {isa = PBXFileReference; lastKnownFileType = sourcecode.swift; path = AppDelegate.swift; sourceTree = "<group>"; };
		A250981721CCC4A6004C9836 /* ViewController.swift */ = {isa = PBXFileReference; lastKnownFileType = sourcecode.swift; path = ViewController.swift; sourceTree = "<group>"; };
		A250981A21CCC4A6004C9836 /* Base */ = {isa = PBXFileReference; lastKnownFileType = file.storyboard; name = Base; path = Base.lproj/Main.storyboard; sourceTree = "<group>"; };
		A250981C21CCC4A7004C9836 /* Assets.xcassets */ = {isa = PBXFileReference; lastKnownFileType = folder.assetcatalog; path = Assets.xcassets; sourceTree = "<group>"; };
		A250981F21CCC4A7004C9836 /* Base */ = {isa = PBXFileReference; lastKnownFileType = file.storyboard; name = Base; path = Base.lproj/LaunchScreen.storyboard; sourceTree = "<group>"; };
		A250982121CCC4A7004C9836 /* Info.plist */ = {isa = PBXFileReference; lastKnownFileType = text.plist.xml; path = Info.plist; sourceTree = "<group>"; };
		A250982621CCC4A8004C9836 /* QuickAndNimbleUnitTestingDemoTests.xctest */ = {isa = PBXFileReference; explicitFileType = wrapper.cfbundle; includeInIndex = 0; path = QuickAndNimbleUnitTestingDemoTests.xctest; sourceTree = BUILT_PRODUCTS_DIR; };
		A250982A21CCC4A8004C9836 /* QuickAndNimbleUnitTestingDemoTests.swift */ = {isa = PBXFileReference; lastKnownFileType = sourcecode.swift; path = QuickAndNimbleUnitTestingDemoTests.swift; sourceTree = "<group>"; };
		A250982C21CCC4A8004C9836 /* Info.plist */ = {isa = PBXFileReference; lastKnownFileType = text.plist.xml; path = Info.plist; sourceTree = "<group>"; };
		AEDA572CFBAD2FAC2577896A /* Pods_QuickAndNimbleUnitTestingDemo.framework */ = {isa = PBXFileReference; explicitFileType = wrapper.framework; includeInIndex = 0; path = Pods_QuickAndNimbleUnitTestingDemo.framework; sourceTree = BUILT_PRODUCTS_DIR; };
		B234C82CFE745924F5CC703C /* Pods_QuickAndNimbleUnitTestingDemoTests.framework */ = {isa = PBXFileReference; explicitFileType = wrapper.framework; includeInIndex = 0; path = Pods_QuickAndNimbleUnitTestingDemoTests.framework; sourceTree = BUILT_PRODUCTS_DIR; };
		CB26C0A8E8C7D9482254F23F /* Pods-QuickAndNimbleUnitTestingDemo.debug.xcconfig */ = {isa = PBXFileReference; includeInIndex = 1; lastKnownFileType = text.xcconfig; name = "Pods-QuickAndNimbleUnitTestingDemo.debug.xcconfig"; path = "Pods/Target Support Files/Pods-QuickAndNimbleUnitTestingDemo/Pods-QuickAndNimbleUnitTestingDemo.debug.xcconfig"; sourceTree = "<group>"; };
/* End PBXFileReference section */

/* Begin PBXFrameworksBuildPhase section */
		A250980F21CCC4A6004C9836 /* Frameworks */ = {
			isa = PBXFrameworksBuildPhase;
			buildActionMask = 2147483647;
			files = (
				404AE8AA0C38F6CF16E0B926 /* Pods_QuickAndNimbleUnitTestingDemo.framework in Frameworks */,
			);
			runOnlyForDeploymentPostprocessing = 0;
		};
		A250982321CCC4A8004C9836 /* Frameworks */ = {
			isa = PBXFrameworksBuildPhase;
			buildActionMask = 2147483647;
			files = (
				90D1DB736E7E5A9A0AAAD214 /* Pods_QuickAndNimbleUnitTestingDemoTests.framework in Frameworks */,
			);
			runOnlyForDeploymentPostprocessing = 0;
		};
/* End PBXFrameworksBuildPhase section */

/* Begin PBXGroup section */
		7B245BB653BE233165C94AE0 /* Frameworks */ = {
			isa = PBXGroup;
			children = (
				AEDA572CFBAD2FAC2577896A /* Pods_QuickAndNimbleUnitTestingDemo.framework */,
				B234C82CFE745924F5CC703C /* Pods_QuickAndNimbleUnitTestingDemoTests.framework */,
			);
			name = Frameworks;
			sourceTree = "<group>";
		};
		853D312077023A915A62A2F6 /* Pods */ = {
			isa = PBXGroup;
			children = (
				CB26C0A8E8C7D9482254F23F /* Pods-QuickAndNimbleUnitTestingDemo.debug.xcconfig */,
				0F31D5F0659C92E395C0CB14 /* Pods-QuickAndNimbleUnitTestingDemo.release.xcconfig */,
				6C37EB520A688658CA55329D /* Pods-QuickAndNimbleUnitTestingDemoTests.debug.xcconfig */,
				30592B14A86FBAC8B1DBEEE9 /* Pods-QuickAndNimbleUnitTestingDemoTests.release.xcconfig */,
			);
			name = Pods;
			sourceTree = "<group>";
		};
		A250980921CCC4A6004C9836 = {
			isa = PBXGroup;
			children = (
				A250981421CCC4A6004C9836 /* QuickAndNimbleUnitTestingDemo */,
				A250982921CCC4A8004C9836 /* QuickAndNimbleUnitTestingDemoTests */,
				A250981321CCC4A6004C9836 /* Products */,
				853D312077023A915A62A2F6 /* Pods */,
				7B245BB653BE233165C94AE0 /* Frameworks */,
			);
			sourceTree = "<group>";
		};
		A250981321CCC4A6004C9836 /* Products */ = {
			isa = PBXGroup;
			children = (
				A250981221CCC4A6004C9836 /* QuickAndNimbleUnitTestingDemo.app */,
				A250982621CCC4A8004C9836 /* QuickAndNimbleUnitTestingDemoTests.xctest */,
			);
			name = Products;
			sourceTree = "<group>";
		};
		A250981421CCC4A6004C9836 /* QuickAndNimbleUnitTestingDemo */ = {
			isa = PBXGroup;
			children = (
				A250981521CCC4A6004C9836 /* AppDelegate.swift */,
				A250981721CCC4A6004C9836 /* ViewController.swift */,
				A250981921CCC4A6004C9836 /* Main.storyboard */,
				A250981C21CCC4A7004C9836 /* Assets.xcassets */,
				A250981E21CCC4A7004C9836 /* LaunchScreen.storyboard */,
				A250982121CCC4A7004C9836 /* Info.plist */,
			);
			path = QuickAndNimbleUnitTestingDemo;
			sourceTree = "<group>";
		};
		A250982921CCC4A8004C9836 /* QuickAndNimbleUnitTestingDemoTests */ = {
			isa = PBXGroup;
			children = (
				A250982A21CCC4A8004C9836 /* QuickAndNimbleUnitTestingDemoTests.swift */,
				A250982C21CCC4A8004C9836 /* Info.plist */,
			);
			path = QuickAndNimbleUnitTestingDemoTests;
			sourceTree = "<group>";
		};
/* End PBXGroup section */

/* Begin PBXNativeTarget section */
		A250981121CCC4A6004C9836 /* QuickAndNimbleUnitTestingDemo */ = {
			isa = PBXNativeTarget;
			buildConfigurationList = A250982F21CCC4A8004C9836 /* Build configuration list for PBXNativeTarget "QuickAndNimbleUnitTestingDemo" */;
			buildPhases = (
				089495F1E82C98A77FADBADE /* [CP] Check Pods Manifest.lock */,
				A250980E21CCC4A6004C9836 /* Sources */,
				A250980F21CCC4A6004C9836 /* Frameworks */,
				A250981021CCC4A6004C9836 /* Resources */,
			);
			buildRules = (
			);
			dependencies = (
			);
			name = QuickAndNimbleUnitTestingDemo;
			productName = QuickAndNimbleUnitTestingDemo;
			productReference = A250981221CCC4A6004C9836 /* QuickAndNimbleUnitTestingDemo.app */;
			productType = "com.apple.product-type.application";
		};
		A250982521CCC4A8004C9836 /* QuickAndNimbleUnitTestingDemoTests */ = {
			isa = PBXNativeTarget;
			buildConfigurationList = A250983221CCC4A8004C9836 /* Build configuration list for PBXNativeTarget "QuickAndNimbleUnitTestingDemoTests" */;
			buildPhases = (
				A19D54DFAA2CC97C3FE82FF0 /* [CP] Check Pods Manifest.lock */,
				A250982221CCC4A8004C9836 /* Sources */,
				A250982321CCC4A8004C9836 /* Frameworks */,
				A250982421CCC4A8004C9836 /* Resources */,
			);
			buildRules = (
			);
			dependencies = (
				A250982821CCC4A8004C9836 /* PBXTargetDependency */,
			);
			name = QuickAndNimbleUnitTestingDemoTests;
			productName = QuickAndNimbleUnitTestingDemoTests;
			productReference = A250982621CCC4A8004C9836 /* QuickAndNimbleUnitTestingDemoTests.xctest */;
			productType = "com.apple.product-type.bundle.unit-test";
		};
/* End PBXNativeTarget section */

/* Begin PBXProject section */
		A250980A21CCC4A6004C9836 /* Project object */ = {
			isa = PBXProject;
			attributes = {
				LastSwiftUpdateCheck = 1010;
				LastUpgradeCheck = 1010;
				ORGANIZATIONNAME = "Jason Son";
				TargetAttributes = {
					A250981121CCC4A6004C9836 = {
						CreatedOnToolsVersion = 10.1;
					};
					A250982521CCC4A8004C9836 = {
						CreatedOnToolsVersion = 10.1;
						TestTargetID = A250981121CCC4A6004C9836;
					};
				};
			};
			buildConfigurationList = A250980D21CCC4A6004C9836 /* Build configuration list for PBXProject "QuickAndNimbleUnitTestingDemo" */;
			compatibilityVersion = "Xcode 9.3";
			developmentRegion = en;
			hasScannedForEncodings = 0;
			knownRegions = (
				en,
				Base,
			);
			mainGroup = A250980921CCC4A6004C9836;
			productRefGroup = A250981321CCC4A6004C9836 /* Products */;
			projectDirPath = "";
			projectRoot = "";
			targets = (
				A250981121CCC4A6004C9836 /* QuickAndNimbleUnitTestingDemo */,
				A250982521CCC4A8004C9836 /* QuickAndNimbleUnitTestingDemoTests */,
			);
		};
/* End PBXProject section */

/* Begin PBXResourcesBuildPhase section */
		A250981021CCC4A6004C9836 /* Resources */ = {
			isa = PBXResourcesBuildPhase;
			buildActionMask = 2147483647;
			files = (
				A250982021CCC4A7004C9836 /* LaunchScreen.storyboard in Resources */,
				A250981D21CCC4A7004C9836 /* Assets.xcassets in Resources */,
				A250981B21CCC4A6004C9836 /* Main.storyboard in Resources */,
			);
			runOnlyForDeploymentPostprocessing = 0;
		};
		A250982421CCC4A8004C9836 /* Resources */ = {
			isa = PBXResourcesBuildPhase;
			buildActionMask = 2147483647;
			files = (
			);
			runOnlyForDeploymentPostprocessing = 0;
		};
/* End PBXResourcesBuildPhase section */

/* Begin PBXShellScriptBuildPhase section */
		089495F1E82C98A77FADBADE /* [CP] Check Pods Manifest.lock */ = {
			isa = PBXShellScriptBuildPhase;
			buildActionMask = 2147483647;
			files = (
			);
			inputFileListPaths = (
			);
			inputPaths = (
				"${PODS_PODFILE_DIR_PATH}/Podfile.lock",
				"${PODS_ROOT}/Manifest.lock",
			);
			name = "[CP] Check Pods Manifest.lock";
			outputFileListPaths = (
			);
			outputPaths = (
				"$(DERIVED_FILE_DIR)/Pods-QuickAndNimbleUnitTestingDemo-checkManifestLockResult.txt",
			);
			runOnlyForDeploymentPostprocessing = 0;
			shellPath = /bin/sh;
			shellScript = "diff \"${PODS_PODFILE_DIR_PATH}/Podfile.lock\" \"${PODS_ROOT}/Manifest.lock\" > /dev/null\nif [ $? != 0 ] ; then\n    # print error to STDERR\n    echo \"error: The sandbox is not in sync with the Podfile.lock. Run 'pod install' or update your CocoaPods installation.\" >&2\n    exit 1\nfi\n# This output is used by Xcode 'outputs' to avoid re-running this script phase.\necho \"SUCCESS\" > \"${SCRIPT_OUTPUT_FILE_0}\"\n";
			showEnvVarsInLog = 0;
		};
		A19D54DFAA2CC97C3FE82FF0 /* [CP] Check Pods Manifest.lock */ = {
			isa = PBXShellScriptBuildPhase;
			buildActionMask = 2147483647;
			files = (
			);
			inputFileListPaths = (
			);
			inputPaths = (
				"${PODS_PODFILE_DIR_PATH}/Podfile.lock",
				"${PODS_ROOT}/Manifest.lock",
			);
			name = "[CP] Check Pods Manifest.lock";
			outputFileListPaths = (
			);
			outputPaths = (
				"$(DERIVED_FILE_DIR)/Pods-QuickAndNimbleUnitTestingDemoTests-checkManifestLockResult.txt",
			);
			runOnlyForDeploymentPostprocessing = 0;
			shellPath = /bin/sh;
			shellScript = "diff \"${PODS_PODFILE_DIR_PATH}/Podfile.lock\" \"${PODS_ROOT}/Manifest.lock\" > /dev/null\nif [ $? != 0 ] ; then\n    # print error to STDERR\n    echo \"error: The sandbox is not in sync with the Podfile.lock. Run 'pod install' or update your CocoaPods installation.\" >&2\n    exit 1\nfi\n# This output is used by Xcode 'outputs' to avoid re-running this script phase.\necho \"SUCCESS\" > \"${SCRIPT_OUTPUT_FILE_0}\"\n";
			showEnvVarsInLog = 0;
		};
/* End PBXShellScriptBuildPhase section */

/* Begin PBXSourcesBuildPhase section */
		A250980E21CCC4A6004C9836 /* Sources */ = {
			isa = PBXSourcesBuildPhase;
			buildActionMask = 2147483647;
			files = (
				A250981821CCC4A6004C9836 /* ViewController.swift in Sources */,
				A250981621CCC4A6004C9836 /* AppDelegate.swift in Sources */,
			);
			runOnlyForDeploymentPostprocessing = 0;
		};
		A250982221CCC4A8004C9836 /* Sources */ = {
			isa = PBXSourcesBuildPhase;
			buildActionMask = 2147483647;
			files = (
				A250982B21CCC4A8004C9836 /* QuickAndNimbleUnitTestingDemoTests.swift in Sources */,
			);
			runOnlyForDeploymentPostprocessing = 0;
		};
/* End PBXSourcesBuildPhase section */

/* Begin PBXTargetDependency section */
		A250982821CCC4A8004C9836 /* PBXTargetDependency */ = {
			isa = PBXTargetDependency;
			target = A250981121CCC4A6004C9836 /* QuickAndNimbleUnitTestingDemo */;
			targetProxy = A250982721CCC4A8004C9836 /* PBXContainerItemProxy */;
		};
/* End PBXTargetDependency section */

/* Begin PBXVariantGroup section */
		A250981921CCC4A6004C9836 /* Main.storyboard */ = {
			isa = PBXVariantGroup;
			children = (
				A250981A21CCC4A6004C9836 /* Base */,
			);
			name = Main.storyboard;
			sourceTree = "<group>";
		};
		A250981E21CCC4A7004C9836 /* LaunchScreen.storyboard */ = {
			isa = PBXVariantGroup;
			children = (
				A250981F21CCC4A7004C9836 /* Base */,
			);
			name = LaunchScreen.storyboard;
			sourceTree = "<group>";
		};
/* End PBXVariantGroup section */

/* Begin XCBuildConfiguration section */
		A250982D21CCC4A8004C9836 /* Debug */ = {
			isa = XCBuildConfiguration;
			buildSettings = {
				ALWAYS_SEARCH_USER_PATHS = NO;
				CLANG_ANALYZER_NONNULL = YES;
				CLANG_ANALYZER_NUMBER_OBJECT_CONVERSION = YES_AGGRESSIVE;
				CLANG_CXX_LANGUAGE_STANDARD = "gnu++14";
				CLANG_CXX_LIBRARY = "libc++";
				CLANG_ENABLE_MODULES = YES;
				CLANG_ENABLE_OBJC_ARC = YES;
				CLANG_ENABLE_OBJC_WEAK = YES;
				CLANG_WARN_BLOCK_CAPTURE_AUTORELEASING = YES;
				CLANG_WARN_BOOL_CONVERSION = YES;
				CLANG_WARN_COMMA = YES;
				CLANG_WARN_CONSTANT_CONVERSION = YES;
				CLANG_WARN_DEPRECATED_OBJC_IMPLEMENTATIONS = YES;
				CLANG_WARN_DIRECT_OBJC_ISA_USAGE = YES_ERROR;
				CLANG_WARN_DOCUMENTATION_COMMENTS = YES;
				CLANG_WARN_EMPTY_BODY = YES;
				CLANG_WARN_ENUM_CONVERSION = YES;
				CLANG_WARN_INFINITE_RECURSION = YES;
				CLANG_WARN_INT_CONVERSION = YES;
				CLANG_WARN_NON_LITERAL_NULL_CONVERSION = YES;
				CLANG_WARN_OBJC_IMPLICIT_RETAIN_SELF = YES;
				CLANG_WARN_OBJC_LITERAL_CONVERSION = YES;
				CLANG_WARN_OBJC_ROOT_CLASS = YES_ERROR;
				CLANG_WARN_RANGE_LOOP_ANALYSIS = YES;
				CLANG_WARN_STRICT_PROTOTYPES = YES;
				CLANG_WARN_SUSPICIOUS_MOVE = YES;
				CLANG_WARN_UNGUARDED_AVAILABILITY = YES_AGGRESSIVE;
				CLANG_WARN_UNREACHABLE_CODE = YES;
				CLANG_WARN__DUPLICATE_METHOD_MATCH = YES;
				CODE_SIGN_IDENTITY = "iPhone Developer";
				COPY_PHASE_STRIP = NO;
				DEBUG_INFORMATION_FORMAT = dwarf;
				ENABLE_STRICT_OBJC_MSGSEND = YES;
				ENABLE_TESTABILITY = YES;
				GCC_C_LANGUAGE_STANDARD = gnu11;
				GCC_DYNAMIC_NO_PIC = NO;
				GCC_NO_COMMON_BLOCKS = YES;
				GCC_OPTIMIZATION_LEVEL = 0;
				GCC_PREPROCESSOR_DEFINITIONS = (
					"DEBUG=1",
					"$(inherited)",
				);
				GCC_WARN_64_TO_32_BIT_CONVERSION = YES;
				GCC_WARN_ABOUT_RETURN_TYPE = YES_ERROR;
				GCC_WARN_UNDECLARED_SELECTOR = YES;
				GCC_WARN_UNINITIALIZED_AUTOS = YES_AGGRESSIVE;
				GCC_WARN_UNUSED_FUNCTION = YES;
				GCC_WARN_UNUSED_VARIABLE = YES;
				IPHONEOS_DEPLOYMENT_TARGET = 12.1;
				MTL_ENABLE_DEBUG_INFO = INCLUDE_SOURCE;
				MTL_FAST_MATH = YES;
				ONLY_ACTIVE_ARCH = YES;
				SDKROOT = iphoneos;
				SWIFT_ACTIVE_COMPILATION_CONDITIONS = DEBUG;
				SWIFT_OPTIMIZATION_LEVEL = "-Onone";
			};
			name = Debug;
		};
		A250982E21CCC4A8004C9836 /* Release */ = {
			isa = XCBuildConfiguration;
			buildSettings = {
				ALWAYS_SEARCH_USER_PATHS = NO;
				CLANG_ANALYZER_NONNULL = YES;
				CLANG_ANALYZER_NUMBER_OBJECT_CONVERSION = YES_AGGRESSIVE;
				CLANG_CXX_LANGUAGE_STANDARD = "gnu++14";
				CLANG_CXX_LIBRARY = "libc++";
				CLANG_ENABLE_MODULES = YES;
				CLANG_ENABLE_OBJC_ARC = YES;
				CLANG_ENABLE_OBJC_WEAK = YES;
				CLANG_WARN_BLOCK_CAPTURE_AUTORELEASING = YES;
				CLANG_WARN_BOOL_CONVERSION = YES;
				CLANG_WARN_COMMA = YES;
				CLANG_WARN_CONSTANT_CONVERSION = YES;
				CLANG_WARN_DEPRECATED_OBJC_IMPLEMENTATIONS = YES;
				CLANG_WARN_DIRECT_OBJC_ISA_USAGE = YES_ERROR;
				CLANG_WARN_DOCUMENTATION_COMMENTS = YES;
				CLANG_WARN_EMPTY_BODY = YES;
				CLANG_WARN_ENUM_CONVERSION = YES;
				CLANG_WARN_INFINITE_RECURSION = YES;
				CLANG_WARN_INT_CONVERSION = YES;
				CLANG_WARN_NON_LITERAL_NULL_CONVERSION = YES;
				CLANG_WARN_OBJC_IMPLICIT_RETAIN_SELF = YES;
				CLANG_WARN_OBJC_LITERAL_CONVERSION = YES;
				CLANG_WARN_OBJC_ROOT_CLASS = YES_ERROR;
				CLANG_WARN_RANGE_LOOP_ANALYSIS = YES;
				CLANG_WARN_STRICT_PROTOTYPES = YES;
				CLANG_WARN_SUSPICIOUS_MOVE = YES;
				CLANG_WARN_UNGUARDED_AVAILABILITY = YES_AGGRESSIVE;
				CLANG_WARN_UNREACHABLE_CODE = YES;
				CLANG_WARN__DUPLICATE_METHOD_MATCH = YES;
				CODE_SIGN_IDENTITY = "iPhone Developer";
				COPY_PHASE_STRIP = NO;
				DEBUG_INFORMATION_FORMAT = "dwarf-with-dsym";
				ENABLE_NS_ASSERTIONS = NO;
				ENABLE_STRICT_OBJC_MSGSEND = YES;
				GCC_C_LANGUAGE_STANDARD = gnu11;
				GCC_NO_COMMON_BLOCKS = YES;
				GCC_WARN_64_TO_32_BIT_CONVERSION = YES;
				GCC_WARN_ABOUT_RETURN_TYPE = YES_ERROR;
				GCC_WARN_UNDECLARED_SELECTOR = YES;
				GCC_WARN_UNINITIALIZED_AUTOS = YES_AGGRESSIVE;
				GCC_WARN_UNUSED_FUNCTION = YES;
				GCC_WARN_UNUSED_VARIABLE = YES;
				IPHONEOS_DEPLOYMENT_TARGET = 12.1;
				MTL_ENABLE_DEBUG_INFO = NO;
				MTL_FAST_MATH = YES;
				SDKROOT = iphoneos;
				SWIFT_COMPILATION_MODE = wholemodule;
				SWIFT_OPTIMIZATION_LEVEL = "-O";
				VALIDATE_PRODUCT = YES;
			};
			name = Release;
		};
		A250983021CCC4A8004C9836 /* Debug */ = {
			isa = XCBuildConfiguration;
			baseConfigurationReference = CB26C0A8E8C7D9482254F23F /* Pods-QuickAndNimbleUnitTestingDemo.debug.xcconfig */;
			buildSettings = {
				ASSETCATALOG_COMPILER_APPICON_NAME = AppIcon;
				CODE_SIGN_STYLE = Automatic;
				DEFINES_MODULE = YES;
				DEVELOPMENT_TEAM = 5R6Y23THY4;
				INFOPLIST_FILE = QuickAndNimbleUnitTestingDemo/Info.plist;
				LD_RUNPATH_SEARCH_PATHS = (
					"$(inherited)",
					"@executable_path/Frameworks",
				);
				PRODUCT_BUNDLE_IDENTIFIER = com.jasonson.QuickAndNimbleUnitTestingDemo;
				PRODUCT_NAME = "$(TARGET_NAME)";
				SWIFT_VERSION = 4.2;
				TARGETED_DEVICE_FAMILY = "1,2";
			};
			name = Debug;
		};
		A250983121CCC4A8004C9836 /* Release */ = {
			isa = XCBuildConfiguration;
			baseConfigurationReference = 0F31D5F0659C92E395C0CB14 /* Pods-QuickAndNimbleUnitTestingDemo.release.xcconfig */;
			buildSettings = {
				ASSETCATALOG_COMPILER_APPICON_NAME = AppIcon;
				CODE_SIGN_STYLE = Automatic;
				DEFINES_MODULE = YES;
				DEVELOPMENT_TEAM = 5R6Y23THY4;
				INFOPLIST_FILE = QuickAndNimbleUnitTestingDemo/Info.plist;
				LD_RUNPATH_SEARCH_PATHS = (
					"$(inherited)",
					"@executable_path/Frameworks",
				);
				PRODUCT_BUNDLE_IDENTIFIER = com.jasonson.QuickAndNimbleUnitTestingDemo;
				PRODUCT_NAME = "$(TARGET_NAME)";
				SWIFT_VERSION = 4.2;
				TARGETED_DEVICE_FAMILY = "1,2";
			};
			name = Release;
		};
		A250983321CCC4A8004C9836 /* Debug */ = {
			isa = XCBuildConfiguration;
			baseConfigurationReference = 6C37EB520A688658CA55329D /* Pods-QuickAndNimbleUnitTestingDemoTests.debug.xcconfig */;
			buildSettings = {
				ALWAYS_EMBED_SWIFT_STANDARD_LIBRARIES = YES;
				BUNDLE_LOADER = "$(TEST_HOST)";
				CODE_SIGN_STYLE = Automatic;
				DEVELOPMENT_TEAM = 5R6Y23THY4;
				INFOPLIST_FILE = QuickAndNimbleUnitTestingDemoTests/Info.plist;
				LD_RUNPATH_SEARCH_PATHS = (
					"$(inherited)",
					"@executable_path/Frameworks",
					"@loader_path/Frameworks",
				);
				PRODUCT_BUNDLE_IDENTIFIER = com.jasonson.QuickAndNimbleUnitTestingDemoTests;
				PRODUCT_NAME = "$(TARGET_NAME)";
				SWIFT_VERSION = 4.2;
				TARGETED_DEVICE_FAMILY = "1,2";
				TEST_HOST = "$(BUILT_PRODUCTS_DIR)/QuickAndNimbleUnitTestingDemo.app/QuickAndNimbleUnitTestingDemo";
			};
			name = Debug;
		};
		A250983421CCC4A8004C9836 /* Release */ = {
			isa = XCBuildConfiguration;
			baseConfigurationReference = 30592B14A86FBAC8B1DBEEE9 /* Pods-QuickAndNimbleUnitTestingDemoTests.release.xcconfig */;
			buildSettings = {
				ALWAYS_EMBED_SWIFT_STANDARD_LIBRARIES = YES;
				BUNDLE_LOADER = "$(TEST_HOST)";
				CODE_SIGN_STYLE = Automatic;
				DEVELOPMENT_TEAM = 5R6Y23THY4;
				INFOPLIST_FILE = QuickAndNimbleUnitTestingDemoTests/Info.plist;
				LD_RUNPATH_SEARCH_PATHS = (
					"$(inherited)",
					"@executable_path/Frameworks",
					"@loader_path/Frameworks",
				);
				PRODUCT_BUNDLE_IDENTIFIER = com.jasonson.QuickAndNimbleUnitTestingDemoTests;
				PRODUCT_NAME = "$(TARGET_NAME)";
				SWIFT_VERSION = 4.2;
				TARGETED_DEVICE_FAMILY = "1,2";
				TEST_HOST = "$(BUILT_PRODUCTS_DIR)/QuickAndNimbleUnitTestingDemo.app/QuickAndNimbleUnitTestingDemo";
			};
			name = Release;
		};
/* End XCBuildConfiguration section */

/* Begin XCConfigurationList section */
		A250980D21CCC4A6004C9836 /* Build configuration list for PBXProject "QuickAndNimbleUnitTestingDemo" */ = {
			isa = XCConfigurationList;
			buildConfigurations = (
				A250982D21CCC4A8004C9836 /* Debug */,
				A250982E21CCC4A8004C9836 /* Release */,
			);
			defaultConfigurationIsVisible = 0;
			defaultConfigurationName = Release;
		};
		A250982F21CCC4A8004C9836 /* Build configuration list for PBXNativeTarget "QuickAndNimbleUnitTestingDemo" */ = {
			isa = XCConfigurationList;
			buildConfigurations = (
				A250983021CCC4A8004C9836 /* Debug */,
				A250983121CCC4A8004C9836 /* Release */,
			);
			defaultConfigurationIsVisible = 0;
			defaultConfigurationName = Release;
		};
		A250983221CCC4A8004C9836 /* Build configuration list for PBXNativeTarget "QuickAndNimbleUnitTestingDemoTests" */ = {
			isa = XCConfigurationList;
			buildConfigurations = (
				A250983321CCC4A8004C9836 /* Debug */,
				A250983421CCC4A8004C9836 /* Release */,
			);
			defaultConfigurationIsVisible = 0;
			defaultConfigurationName = Release;
		};
/* End XCConfigurationList section */
	};
	rootObject = A250980A21CCC4A6004C9836 /* Project object */;
}
