// !$*UTF8*$!
{
	archiveVersion = 1;
	classes = {
	};
	objectVersion = 50;
	objects = {

/* Begin PBXBuildFile section */
		A2077566218AA00900D97B5F /* AppDelegate.swift in Sources */ = {isa = PBXBuildFile; fileRef = A2077565218AA00900D97B5F /* AppDelegate.swift */; };
		A2077568218AA00900D97B5F /* MainViewController.swift in Sources */ = {isa = PBXBuildFile; fileRef = A2077567218AA00900D97B5F /* MainViewController.swift */; };
		A207756B218AA00900D97B5F /* Main.storyboard in Resources */ = {isa = PBXBuildFile; fileRef = A2077569218AA00900D97B5F /* Main.storyboard */; };
		A207756D218AA00B00D97B5F /* Assets.xcassets in Resources */ = {isa = PBXBuildFile; fileRef = A207756C218AA00B00D97B5F /* Assets.xcassets */; };
		A2077570218AA00B00D97B5F /* LaunchScreen.storyboard in Resources */ = {isa = PBXBuildFile; fileRef = A207756E218AA00B00D97B5F /* LaunchScreen.storyboard */; };
		A207757A218AA22E00D97B5F /* RoundButton.swift in Sources */ = {isa = PBXBuildFile; fileRef = A2077579218AA22E00D97B5F /* RoundButton.swift */; };
		A207757D218AA2B500D97B5F /* WEEK3ViewController.swift in Sources */ = {isa = PBXBuildFile; fileRef = A207757C218AA2B500D97B5F /* WEEK3ViewController.swift */; };
		A207757F218AA2F800D97B5F /* WEEK3.storyboard in Resources */ = {isa = PBXBuildFile; fileRef = A207757E218AA2F800D97B5F /* WEEK3.storyboard */; };
		A2077584218AAEFF00D97B5F /* FizzbuzzViewController.swift in Sources */ = {isa = PBXBuildFile; fileRef = A2077583218AAEFF00D97B5F /* FizzbuzzViewController.swift */; };
		A2077586218AB0F700D97B5F /* Fizzbuzz.storyboard in Resources */ = {isa = PBXBuildFile; fileRef = A2077585218AB0F700D97B5F /* Fizzbuzz.storyboard */; };
		A2077589218AB53300D97B5F /* Timer.storyboard in Resources */ = {isa = PBXBuildFile; fileRef = A2077588218AB53300D97B5F /* Timer.storyboard */; };
		A207758B218AB53F00D97B5F /* TimerViewController.swift in Sources */ = {isa = PBXBuildFile; fileRef = A207758A218AB53F00D97B5F /* TimerViewController.swift */; };
		A207758F218AB70C00D97B5F /* ContactListViewController.swift in Sources */ = {isa = PBXBuildFile; fileRef = A207758E218AB70C00D97B5F /* ContactListViewController.swift */; };
		A2077591218AB71600D97B5F /* ContactList.storyboard in Resources */ = {isa = PBXBuildFile; fileRef = A2077590218AB71600D97B5F /* ContactList.storyboard */; };
		A2077593218AB9AB00D97B5F /* ContactInfoViewController.swift in Sources */ = {isa = PBXBuildFile; fileRef = A2077592218AB9AB00D97B5F /* ContactInfoViewController.swift */; };
		A2077596218AC0EB00D97B5F /* Settings.storyboard in Resources */ = {isa = PBXBuildFile; fileRef = A2077595218AC0EB00D97B5F /* Settings.storyboard */; };
		A2077598218AC0F800D97B5F /* SettingsViewController.swift in Sources */ = {isa = PBXBuildFile; fileRef = A2077597218AC0F800D97B5F /* SettingsViewController.swift */; };
		A207759E218B522D00D97B5F /* Date.storyboard in Resources */ = {isa = PBXBuildFile; fileRef = A207759D218B522D00D97B5F /* Date.storyboard */; };
		A20775A0218B523C00D97B5F /* DateViewController.swift in Sources */ = {isa = PBXBuildFile; fileRef = A207759F218B523C00D97B5F /* DateViewController.swift */; };
		A20775A2218B62FE00D97B5F /* ContactInfo.swift in Sources */ = {isa = PBXBuildFile; fileRef = A20775A1218B62FE00D97B5F /* ContactInfo.swift */; };
		A20775A6218B64C200D97B5F /* ContactInfoTableViewCell.swift in Sources */ = {isa = PBXBuildFile; fileRef = A20775A5218B64C200D97B5F /* ContactInfoTableViewCell.swift */; };
		A20775A8218B770B00D97B5F /* ContactListTableViewCell.swift in Sources */ = {isa = PBXBuildFile; fileRef = A20775A7218B770B00D97B5F /* ContactListTableViewCell.swift */; };
		A20775AD218B916800D97B5F /* Person.plist in Resources */ = {isa = PBXBuildFile; fileRef = A20775AC218B916800D97B5F /* Person.plist */; };
		A20775AF218B94EB00D97B5F /* PlistViewController.swift in Sources */ = {isa = PBXBuildFile; fileRef = A20775AE218B94EB00D97B5F /* PlistViewController.swift */; };
		A20775B1218B953600D97B5F /* Plist.storyboard in Resources */ = {isa = PBXBuildFile; fileRef = A20775B0218B953600D97B5F /* Plist.storyboard */; };
		A20775B3218B98C700D97B5F /* PlistTableViewCell.swift in Sources */ = {isa = PBXBuildFile; fileRef = A20775B2218B98C700D97B5F /* PlistTableViewCell.swift */; };
		A20775B5218B998500D97B5F /* PersonInfo.swift in Sources */ = {isa = PBXBuildFile; fileRef = A20775B4218B998500D97B5F /* PersonInfo.swift */; };
		A279C7DC218C1512005C8362 /* Picker.storyboard in Resources */ = {isa = PBXBuildFile; fileRef = A279C7DB218C1512005C8362 /* Picker.storyboard */; };
		A279C7DE218C1521005C8362 /* PickerViewController.swift in Sources */ = {isa = PBXBuildFile; fileRef = A279C7DD218C1521005C8362 /* PickerViewController.swift */; };
		A279C7E3218CBF67005C8362 /* PersonTableView.storyboard in Resources */ = {isa = PBXBuildFile; fileRef = A279C7E2218CBF67005C8362 /* PersonTableView.storyboard */; };
		A279C7E5218CBF8A005C8362 /* PersonTableViewController.swift in Sources */ = {isa = PBXBuildFile; fileRef = A279C7E4218CBF8A005C8362 /* PersonTableViewController.swift */; };
		A279C7E7218CC10D005C8362 /* PersonInfoTableViewController.swift in Sources */ = {isa = PBXBuildFile; fileRef = A279C7E6218CC10D005C8362 /* PersonInfoTableViewController.swift */; };
		A279C7E9218CC223005C8362 /* PersonInfoTableViewCell.swift in Sources */ = {isa = PBXBuildFile; fileRef = A279C7E8218CC223005C8362 /* PersonInfoTableViewCell.swift */; };
		A279C7EB218CC451005C8362 /* PersonInformation.swift in Sources */ = {isa = PBXBuildFile; fileRef = A279C7EA218CC451005C8362 /* PersonInformation.swift */; };
		A279C7ED218CC6FF005C8362 /* PersonTableViewCell.swift in Sources */ = {isa = PBXBuildFile; fileRef = A279C7EC218CC6FF005C8362 /* PersonTableViewCell.swift */; };
/* End PBXBuildFile section */

/* Begin PBXFileReference section */
		A2077562218AA00900D97B5F /* BASIC.app */ = {isa = PBXFileReference; explicitFileType = wrapper.application; includeInIndex = 0; path = BASIC.app; sourceTree = BUILT_PRODUCTS_DIR; };
		A2077565218AA00900D97B5F /* AppDelegate.swift */ = {isa = PBXFileReference; lastKnownFileType = sourcecode.swift; path = AppDelegate.swift; sourceTree = "<group>"; };
		A2077567218AA00900D97B5F /* MainViewController.swift */ = {isa = PBXFileReference; lastKnownFileType = sourcecode.swift; path = MainViewController.swift; sourceTree = "<group>"; };
		A207756A218AA00900D97B5F /* Base */ = {isa = PBXFileReference; lastKnownFileType = file.storyboard; name = Base; path = Base.lproj/Main.storyboard; sourceTree = "<group>"; };
		A207756C218AA00B00D97B5F /* Assets.xcassets */ = {isa = PBXFileReference; lastKnownFileType = folder.assetcatalog; path = Assets.xcassets; sourceTree = "<group>"; };
		A207756F218AA00B00D97B5F /* Base */ = {isa = PBXFileReference; lastKnownFileType = file.storyboard; name = Base; path = Base.lproj/LaunchScreen.storyboard; sourceTree = "<group>"; };
		A2077571218AA00B00D97B5F /* Info.plist */ = {isa = PBXFileReference; lastKnownFileType = text.plist.xml; path = Info.plist; sourceTree = "<group>"; };
		A2077579218AA22E00D97B5F /* RoundButton.swift */ = {isa = PBXFileReference; lastKnownFileType = sourcecode.swift; path = RoundButton.swift; sourceTree = "<group>"; };
		A207757C218AA2B500D97B5F /* WEEK3ViewController.swift */ = {isa = PBXFileReference; lastKnownFileType = sourcecode.swift; path = WEEK3ViewController.swift; sourceTree = "<group>"; };
		A207757E218AA2F800D97B5F /* WEEK3.storyboard */ = {isa = PBXFileReference; lastKnownFileType = file.storyboard; path = WEEK3.storyboard; sourceTree = "<group>"; };
		A2077583218AAEFF00D97B5F /* FizzbuzzViewController.swift */ = {isa = PBXFileReference; lastKnownFileType = sourcecode.swift; path = FizzbuzzViewController.swift; sourceTree = "<group>"; };
		A2077585218AB0F700D97B5F /* Fizzbuzz.storyboard */ = {isa = PBXFileReference; lastKnownFileType = file.storyboard; path = Fizzbuzz.storyboard; sourceTree = "<group>"; };
		A2077588218AB53300D97B5F /* Timer.storyboard */ = {isa = PBXFileReference; lastKnownFileType = file.storyboard; path = Timer.storyboard; sourceTree = "<group>"; };
		A207758A218AB53F00D97B5F /* TimerViewController.swift */ = {isa = PBXFileReference; lastKnownFileType = sourcecode.swift; path = TimerViewController.swift; sourceTree = "<group>"; };
		A207758E218AB70C00D97B5F /* ContactListViewController.swift */ = {isa = PBXFileReference; lastKnownFileType = sourcecode.swift; path = ContactListViewController.swift; sourceTree = "<group>"; };
		A2077590218AB71600D97B5F /* ContactList.storyboard */ = {isa = PBXFileReference; lastKnownFileType = file.storyboard; path = ContactList.storyboard; sourceTree = "<group>"; };
		A2077592218AB9AB00D97B5F /* ContactInfoViewController.swift */ = {isa = PBXFileReference; lastKnownFileType = sourcecode.swift; path = ContactInfoViewController.swift; sourceTree = "<group>"; };
		A2077595218AC0EB00D97B5F /* Settings.storyboard */ = {isa = PBXFileReference; lastKnownFileType = file.storyboard; path = Settings.storyboard; sourceTree = "<group>"; };
		A2077597218AC0F800D97B5F /* SettingsViewController.swift */ = {isa = PBXFileReference; lastKnownFileType = sourcecode.swift; path = SettingsViewController.swift; sourceTree = "<group>"; };
		A207759D218B522D00D97B5F /* Date.storyboard */ = {isa = PBXFileReference; lastKnownFileType = file.storyboard; path = Date.storyboard; sourceTree = "<group>"; };
		A207759F218B523C00D97B5F /* DateViewController.swift */ = {isa = PBXFileReference; lastKnownFileType = sourcecode.swift; path = DateViewController.swift; sourceTree = "<group>"; };
		A20775A1218B62FE00D97B5F /* ContactInfo.swift */ = {isa = PBXFileReference; lastKnownFileType = sourcecode.swift; path = ContactInfo.swift; sourceTree = "<group>"; };
		A20775A5218B64C200D97B5F /* ContactInfoTableViewCell.swift */ = {isa = PBXFileReference; lastKnownFileType = sourcecode.swift; path = ContactInfoTableViewCell.swift; sourceTree = "<group>"; };
		A20775A7218B770B00D97B5F /* ContactListTableViewCell.swift */ = {isa = PBXFileReference; lastKnownFileType = sourcecode.swift; path = ContactListTableViewCell.swift; sourceTree = "<group>"; };
		A20775AC218B916800D97B5F /* Person.plist */ = {isa = PBXFileReference; lastKnownFileType = text.plist.xml; path = Person.plist; sourceTree = "<group>"; };
		A20775AE218B94EB00D97B5F /* PlistViewController.swift */ = {isa = PBXFileReference; lastKnownFileType = sourcecode.swift; path = PlistViewController.swift; sourceTree = "<group>"; };
		A20775B0218B953600D97B5F /* Plist.storyboard */ = {isa = PBXFileReference; lastKnownFileType = file.storyboard; path = Plist.storyboard; sourceTree = "<group>"; };
		A20775B2218B98C700D97B5F /* PlistTableViewCell.swift */ = {isa = PBXFileReference; lastKnownFileType = sourcecode.swift; path = PlistTableViewCell.swift; sourceTree = "<group>"; };
		A20775B4218B998500D97B5F /* PersonInfo.swift */ = {isa = PBXFileReference; lastKnownFileType = sourcecode.swift; path = PersonInfo.swift; sourceTree = "<group>"; };
		A279C7DB218C1512005C8362 /* Picker.storyboard */ = {isa = PBXFileReference; lastKnownFileType = file.storyboard; path = Picker.storyboard; sourceTree = "<group>"; };
		A279C7DD218C1521005C8362 /* PickerViewController.swift */ = {isa = PBXFileReference; lastKnownFileType = sourcecode.swift; path = PickerViewController.swift; sourceTree = "<group>"; };
		A279C7E2218CBF67005C8362 /* PersonTableView.storyboard */ = {isa = PBXFileReference; lastKnownFileType = file.storyboard; path = PersonTableView.storyboard; sourceTree = "<group>"; };
		A279C7E4218CBF8A005C8362 /* PersonTableViewController.swift */ = {isa = PBXFileReference; lastKnownFileType = sourcecode.swift; path = PersonTableViewController.swift; sourceTree = "<group>"; };
		A279C7E6218CC10D005C8362 /* PersonInfoTableViewController.swift */ = {isa = PBXFileReference; lastKnownFileType = sourcecode.swift; path = PersonInfoTableViewController.swift; sourceTree = "<group>"; };
		A279C7E8218CC223005C8362 /* PersonInfoTableViewCell.swift */ = {isa = PBXFileReference; lastKnownFileType = sourcecode.swift; path = PersonInfoTableViewCell.swift; sourceTree = "<group>"; };
		A279C7EA218CC451005C8362 /* PersonInformation.swift */ = {isa = PBXFileReference; lastKnownFileType = sourcecode.swift; path = PersonInformation.swift; sourceTree = "<group>"; };
		A279C7EC218CC6FF005C8362 /* PersonTableViewCell.swift */ = {isa = PBXFileReference; lastKnownFileType = sourcecode.swift; path = PersonTableViewCell.swift; sourceTree = "<group>"; };
/* End PBXFileReference section */

/* Begin PBXFrameworksBuildPhase section */
		A207755F218AA00900D97B5F /* Frameworks */ = {
			isa = PBXFrameworksBuildPhase;
			buildActionMask = 2147483647;
			files = (
			);
			runOnlyForDeploymentPostprocessing = 0;
		};
/* End PBXFrameworksBuildPhase section */

/* Begin PBXGroup section */
		A2077559218AA00900D97B5F = {
			isa = PBXGroup;
			children = (
				A2077564218AA00900D97B5F /* BASIC */,
				A2077563218AA00900D97B5F /* Products */,
			);
			sourceTree = "<group>";
		};
		A2077563218AA00900D97B5F /* Products */ = {
			isa = PBXGroup;
			children = (
				A2077562218AA00900D97B5F /* BASIC.app */,
			);
			name = Products;
			sourceTree = "<group>";
		};
		A2077564218AA00900D97B5F /* BASIC */ = {
			isa = PBXGroup;
			children = (
				A2077565218AA00900D97B5F /* AppDelegate.swift */,
				A2077579218AA22E00D97B5F /* RoundButton.swift */,
				A207756E218AA00B00D97B5F /* LaunchScreen.storyboard */,
				A2077569218AA00900D97B5F /* Main.storyboard */,
				A2077567218AA00900D97B5F /* MainViewController.swift */,
				A207757B218AA28A00D97B5F /* WEEK 3 */,
				A207756C218AA00B00D97B5F /* Assets.xcassets */,
				A2077571218AA00B00D97B5F /* Info.plist */,
			);
			path = BASIC;
			sourceTree = "<group>";
		};
		A207757B218AA28A00D97B5F /* WEEK 3 */ = {
			isa = PBXGroup;
			children = (
				A207757E218AA2F800D97B5F /* WEEK3.storyboard */,
				A207757C218AA2B500D97B5F /* WEEK3ViewController.swift */,
				A279C7DA218C14F8005C8362 /* Picker */,
				A20775A9218B8DA600D97B5F /* P list */,
				A207759C218B521F00D97B5F /* Date */,
				A2077594218AC0DF00D97B5F /* Settings */,
				A207758C218AB6EE00D97B5F /* Contact List */,
				A279C7E1218CBF07005C8362 /* PersonTableViewController */,
				A2077587218AB51A00D97B5F /* Timer */,
				A2077582218AAEE400D97B5F /* Fizzbuzz */,
			);
			path = "WEEK 3";
			sourceTree = "<group>";
		};
		A2077582218AAEE400D97B5F /* Fizzbuzz */ = {
			isa = PBXGroup;
			children = (
				A2077585218AB0F700D97B5F /* Fizzbuzz.storyboard */,
				A2077583218AAEFF00D97B5F /* FizzbuzzViewController.swift */,
			);
			path = Fizzbuzz;
			sourceTree = "<group>";
		};
		A2077587218AB51A00D97B5F /* Timer */ = {
			isa = PBXGroup;
			children = (
				A2077588218AB53300D97B5F /* Timer.storyboard */,
				A207758A218AB53F00D97B5F /* TimerViewController.swift */,
			);
			path = Timer;
			sourceTree = "<group>";
		};
		A207758C218AB6EE00D97B5F /* Contact List */ = {
			isa = PBXGroup;
			children = (
				A2077590218AB71600D97B5F /* ContactList.storyboard */,
				A207758E218AB70C00D97B5F /* ContactListViewController.swift */,
				A20775A7218B770B00D97B5F /* ContactListTableViewCell.swift */,
				A2077592218AB9AB00D97B5F /* ContactInfoViewController.swift */,
				A20775A5218B64C200D97B5F /* ContactInfoTableViewCell.swift */,
				A20775A1218B62FE00D97B5F /* ContactInfo.swift */,
			);
			path = "Contact List";
			sourceTree = "<group>";
		};
		A2077594218AC0DF00D97B5F /* Settings */ = {
			isa = PBXGroup;
			children = (
				A2077595218AC0EB00D97B5F /* Settings.storyboard */,
				A2077597218AC0F800D97B5F /* SettingsViewController.swift */,
			);
			path = Settings;
			sourceTree = "<group>";
		};
		A207759C218B521F00D97B5F /* Date */ = {
			isa = PBXGroup;
			children = (
				A207759D218B522D00D97B5F /* Date.storyboard */,
				A207759F218B523C00D97B5F /* DateViewController.swift */,
			);
			path = Date;
			sourceTree = "<group>";
		};
		A20775A9218B8DA600D97B5F /* P list */ = {
			isa = PBXGroup;
			children = (
				A20775AC218B916800D97B5F /* Person.plist */,
				A20775B0218B953600D97B5F /* Plist.storyboard */,
				A20775AE218B94EB00D97B5F /* PlistViewController.swift */,
				A20775B2218B98C700D97B5F /* PlistTableViewCell.swift */,
				A20775B4218B998500D97B5F /* PersonInfo.swift */,
			);
			path = "P list";
			sourceTree = "<group>";
		};
		A279C7DA218C14F8005C8362 /* Picker */ = {
			isa = PBXGroup;
			children = (
				A279C7DB218C1512005C8362 /* Picker.storyboard */,
				A279C7DD218C1521005C8362 /* PickerViewController.swift */,
			);
			path = Picker;
			sourceTree = "<group>";
		};
		A279C7E1218CBF07005C8362 /* PersonTableViewController */ = {
			isa = PBXGroup;
			children = (
				A279C7E2218CBF67005C8362 /* PersonTableView.storyboard */,
				A279C7E4218CBF8A005C8362 /* PersonTableViewController.swift */,
				A279C7EC218CC6FF005C8362 /* PersonTableViewCell.swift */,
				A279C7E6218CC10D005C8362 /* PersonInfoTableViewController.swift */,
				A279C7E8218CC223005C8362 /* PersonInfoTableViewCell.swift */,
				A279C7EA218CC451005C8362 /* PersonInformation.swift */,
			);
			path = PersonTableViewController;
			sourceTree = "<group>";
		};
/* End PBXGroup section */

/* Begin PBXNativeTarget section */
		A2077561218AA00900D97B5F /* BASIC */ = {
			isa = PBXNativeTarget;
			buildConfigurationList = A2077574218AA00B00D97B5F /* Build configuration list for PBXNativeTarget "BASIC" */;
			buildPhases = (
				A207755E218AA00900D97B5F /* Sources */,
				A207755F218AA00900D97B5F /* Frameworks */,
				A2077560218AA00900D97B5F /* Resources */,
			);
			buildRules = (
			);
			dependencies = (
			);
			name = BASIC;
			productName = BASIC;
			productReference = A2077562218AA00900D97B5F /* BASIC.app */;
			productType = "com.apple.product-type.application";
		};
/* End PBXNativeTarget section */

/* Begin PBXProject section */
		A207755A218AA00900D97B5F /* Project object */ = {
			isa = PBXProject;
			attributes = {
				LastSwiftUpdateCheck = 1000;
				LastUpgradeCheck = 1000;
				ORGANIZATIONNAME = "Je Min Son";
				TargetAttributes = {
					A2077561218AA00900D97B5F = {
						CreatedOnToolsVersion = 10.0;
					};
				};
			};
			buildConfigurationList = A207755D218AA00900D97B5F /* Build configuration list for PBXProject "BASIC" */;
			compatibilityVersion = "Xcode 9.3";
			developmentRegion = en;
			hasScannedForEncodings = 0;
			knownRegions = (
				en,
				Base,
			);
			mainGroup = A2077559218AA00900D97B5F;
			productRefGroup = A2077563218AA00900D97B5F /* Products */;
			projectDirPath = "";
			projectRoot = "";
			targets = (
				A2077561218AA00900D97B5F /* BASIC */,
			);
		};
/* End PBXProject section */

/* Begin PBXResourcesBuildPhase section */
		A2077560218AA00900D97B5F /* Resources */ = {
			isa = PBXResourcesBuildPhase;
			buildActionMask = 2147483647;
			files = (
				A2077570218AA00B00D97B5F /* LaunchScreen.storyboard in Resources */,
				A207756D218AA00B00D97B5F /* Assets.xcassets in Resources */,
				A279C7DC218C1512005C8362 /* Picker.storyboard in Resources */,
				A279C7E3218CBF67005C8362 /* PersonTableView.storyboard in Resources */,
				A2077586218AB0F700D97B5F /* Fizzbuzz.storyboard in Resources */,
				A20775B1218B953600D97B5F /* Plist.storyboard in Resources */,
				A2077596218AC0EB00D97B5F /* Settings.storyboard in Resources */,
				A20775AD218B916800D97B5F /* Person.plist in Resources */,
				A207757F218AA2F800D97B5F /* WEEK3.storyboard in Resources */,
				A2077589218AB53300D97B5F /* Timer.storyboard in Resources */,
				A207759E218B522D00D97B5F /* Date.storyboard in Resources */,
				A2077591218AB71600D97B5F /* ContactList.storyboard in Resources */,
				A207756B218AA00900D97B5F /* Main.storyboard in Resources */,
			);
			runOnlyForDeploymentPostprocessing = 0;
		};
/* End PBXResourcesBuildPhase section */

/* Begin PBXSourcesBuildPhase section */
		A207755E218AA00900D97B5F /* Sources */ = {
			isa = PBXSourcesBuildPhase;
			buildActionMask = 2147483647;
			files = (
				A20775A0218B523C00D97B5F /* DateViewController.swift in Sources */,
				A279C7EB218CC451005C8362 /* PersonInformation.swift in Sources */,
				A207757A218AA22E00D97B5F /* RoundButton.swift in Sources */,
				A2077593218AB9AB00D97B5F /* ContactInfoViewController.swift in Sources */,
				A279C7ED218CC6FF005C8362 /* PersonTableViewCell.swift in Sources */,
				A2077584218AAEFF00D97B5F /* FizzbuzzViewController.swift in Sources */,
				A20775A2218B62FE00D97B5F /* ContactInfo.swift in Sources */,
				A2077568218AA00900D97B5F /* MainViewController.swift in Sources */,
				A279C7E9218CC223005C8362 /* PersonInfoTableViewCell.swift in Sources */,
				A207757D218AA2B500D97B5F /* WEEK3ViewController.swift in Sources */,
				A279C7E7218CC10D005C8362 /* PersonInfoTableViewController.swift in Sources */,
				A207758B218AB53F00D97B5F /* TimerViewController.swift in Sources */,
				A20775A6218B64C200D97B5F /* ContactInfoTableViewCell.swift in Sources */,
				A20775B3218B98C700D97B5F /* PlistTableViewCell.swift in Sources */,
				A20775AF218B94EB00D97B5F /* PlistViewController.swift in Sources */,
				A20775A8218B770B00D97B5F /* ContactListTableViewCell.swift in Sources */,
				A207758F218AB70C00D97B5F /* ContactListViewController.swift in Sources */,
				A2077566218AA00900D97B5F /* AppDelegate.swift in Sources */,
				A279C7E5218CBF8A005C8362 /* PersonTableViewController.swift in Sources */,
				A20775B5218B998500D97B5F /* PersonInfo.swift in Sources */,
				A2077598218AC0F800D97B5F /* SettingsViewController.swift in Sources */,
				A279C7DE218C1521005C8362 /* PickerViewController.swift in Sources */,
			);
			runOnlyForDeploymentPostprocessing = 0;
		};
/* End PBXSourcesBuildPhase section */

/* Begin PBXVariantGroup section */
		A2077569218AA00900D97B5F /* Main.storyboard */ = {
			isa = PBXVariantGroup;
			children = (
				A207756A218AA00900D97B5F /* Base */,
			);
			name = Main.storyboard;
			sourceTree = "<group>";
		};
		A207756E218AA00B00D97B5F /* LaunchScreen.storyboard */ = {
			isa = PBXVariantGroup;
			children = (
				A207756F218AA00B00D97B5F /* Base */,
			);
			name = LaunchScreen.storyboard;
			sourceTree = "<group>";
		};
/* End PBXVariantGroup section */

/* Begin XCBuildConfiguration section */
		A2077572218AA00B00D97B5F /* Debug */ = {
			isa = XCBuildConfiguration;
			buildSettings = {
				ALWAYS_SEARCH_USER_PATHS = NO;
				CLANG_ANALYZER_NONNULL = YES;
				CLANG_ANALYZER_NUMBER_OBJECT_CONVERSION = YES_AGGRESSIVE;
				CLANG_CXX_LANGUAGE_STANDARD = "gnu++14";
				CLANG_CXX_LIBRARY = "libc++";
				CLANG_ENABLE_MODULES = YES;
				CLANG_ENABLE_OBJC_ARC = YES;
				CLANG_ENABLE_OBJC_WEAK = YES;
				CLANG_WARN_BLOCK_CAPTURE_AUTORELEASING = YES;
				CLANG_WARN_BOOL_CONVERSION = YES;
				CLANG_WARN_COMMA = YES;
				CLANG_WARN_CONSTANT_CONVERSION = YES;
				CLANG_WARN_DEPRECATED_OBJC_IMPLEMENTATIONS = YES;
				CLANG_WARN_DIRECT_OBJC_ISA_USAGE = YES_ERROR;
				CLANG_WARN_DOCUMENTATION_COMMENTS = YES;
				CLANG_WARN_EMPTY_BODY = YES;
				CLANG_WARN_ENUM_CONVERSION = YES;
				CLANG_WARN_INFINITE_RECURSION = YES;
				CLANG_WARN_INT_CONVERSION = YES;
				CLANG_WARN_NON_LITERAL_NULL_CONVERSION = YES;
				CLANG_WARN_OBJC_IMPLICIT_RETAIN_SELF = YES;
				CLANG_WARN_OBJC_LITERAL_CONVERSION = YES;
				CLANG_WARN_OBJC_ROOT_CLASS = YES_ERROR;
				CLANG_WARN_RANGE_LOOP_ANALYSIS = YES;
				CLANG_WARN_STRICT_PROTOTYPES = YES;
				CLANG_WARN_SUSPICIOUS_MOVE = YES;
				CLANG_WARN_UNGUARDED_AVAILABILITY = YES_AGGRESSIVE;
				CLANG_WARN_UNREACHABLE_CODE = YES;
				CLANG_WARN__DUPLICATE_METHOD_MATCH = YES;
				CODE_SIGN_IDENTITY = "iPhone Developer";
				COPY_PHASE_STRIP = NO;
				DEBUG_INFORMATION_FORMAT = dwarf;
				ENABLE_STRICT_OBJC_MSGSEND = YES;
				ENABLE_TESTABILITY = YES;
				GCC_C_LANGUAGE_STANDARD = gnu11;
				GCC_DYNAMIC_NO_PIC = NO;
				GCC_NO_COMMON_BLOCKS = YES;
				GCC_OPTIMIZATION_LEVEL = 0;
				GCC_PREPROCESSOR_DEFINITIONS = (
					"DEBUG=1",
					"$(inherited)",
				);
				GCC_WARN_64_TO_32_BIT_CONVERSION = YES;
				GCC_WARN_ABOUT_RETURN_TYPE = YES_ERROR;
				GCC_WARN_UNDECLARED_SELECTOR = YES;
				GCC_WARN_UNINITIALIZED_AUTOS = YES_AGGRESSIVE;
				GCC_WARN_UNUSED_FUNCTION = YES;
				GCC_WARN_UNUSED_VARIABLE = YES;
				IPHONEOS_DEPLOYMENT_TARGET = 12.0;
				MTL_ENABLE_DEBUG_INFO = INCLUDE_SOURCE;
				MTL_FAST_MATH = YES;
				ONLY_ACTIVE_ARCH = YES;
				SDKROOT = iphoneos;
				SWIFT_ACTIVE_COMPILATION_CONDITIONS = DEBUG;
				SWIFT_OPTIMIZATION_LEVEL = "-Onone";
			};
			name = Debug;
		};
		A2077573218AA00B00D97B5F /* Release */ = {
			isa = XCBuildConfiguration;
			buildSettings = {
				ALWAYS_SEARCH_USER_PATHS = NO;
				CLANG_ANALYZER_NONNULL = YES;
				CLANG_ANALYZER_NUMBER_OBJECT_CONVERSION = YES_AGGRESSIVE;
				CLANG_CXX_LANGUAGE_STANDARD = "gnu++14";
				CLANG_CXX_LIBRARY = "libc++";
				CLANG_ENABLE_MODULES = YES;
				CLANG_ENABLE_OBJC_ARC = YES;
				CLANG_ENABLE_OBJC_WEAK = YES;
				CLANG_WARN_BLOCK_CAPTURE_AUTORELEASING = YES;
				CLANG_WARN_BOOL_CONVERSION = YES;
				CLANG_WARN_COMMA = YES;
				CLANG_WARN_CONSTANT_CONVERSION = YES;
				CLANG_WARN_DEPRECATED_OBJC_IMPLEMENTATIONS = YES;
				CLANG_WARN_DIRECT_OBJC_ISA_USAGE = YES_ERROR;
				CLANG_WARN_DOCUMENTATION_COMMENTS = YES;
				CLANG_WARN_EMPTY_BODY = YES;
				CLANG_WARN_ENUM_CONVERSION = YES;
				CLANG_WARN_INFINITE_RECURSION = YES;
				CLANG_WARN_INT_CONVERSION = YES;
				CLANG_WARN_NON_LITERAL_NULL_CONVERSION = YES;
				CLANG_WARN_OBJC_IMPLICIT_RETAIN_SELF = YES;
				CLANG_WARN_OBJC_LITERAL_CONVERSION = YES;
				CLANG_WARN_OBJC_ROOT_CLASS = YES_ERROR;
				CLANG_WARN_RANGE_LOOP_ANALYSIS = YES;
				CLANG_WARN_STRICT_PROTOTYPES = YES;
				CLANG_WARN_SUSPICIOUS_MOVE = YES;
				CLANG_WARN_UNGUARDED_AVAILABILITY = YES_AGGRESSIVE;
				CLANG_WARN_UNREACHABLE_CODE = YES;
				CLANG_WARN__DUPLICATE_METHOD_MATCH = YES;
				CODE_SIGN_IDENTITY = "iPhone Developer";
				COPY_PHASE_STRIP = NO;
				DEBUG_INFORMATION_FORMAT = "dwarf-with-dsym";
				ENABLE_NS_ASSERTIONS = NO;
				ENABLE_STRICT_OBJC_MSGSEND = YES;
				GCC_C_LANGUAGE_STANDARD = gnu11;
				GCC_NO_COMMON_BLOCKS = YES;
				GCC_WARN_64_TO_32_BIT_CONVERSION = YES;
				GCC_WARN_ABOUT_RETURN_TYPE = YES_ERROR;
				GCC_WARN_UNDECLARED_SELECTOR = YES;
				GCC_WARN_UNINITIALIZED_AUTOS = YES_AGGRESSIVE;
				GCC_WARN_UNUSED_FUNCTION = YES;
				GCC_WARN_UNUSED_VARIABLE = YES;
				IPHONEOS_DEPLOYMENT_TARGET = 12.0;
				MTL_ENABLE_DEBUG_INFO = NO;
				MTL_FAST_MATH = YES;
				SDKROOT = iphoneos;
				SWIFT_COMPILATION_MODE = wholemodule;
				SWIFT_OPTIMIZATION_LEVEL = "-O";
				VALIDATE_PRODUCT = YES;
			};
			name = Release;
		};
		A2077575218AA00B00D97B5F /* Debug */ = {
			isa = XCBuildConfiguration;
			buildSettings = {
				ASSETCATALOG_COMPILER_APPICON_NAME = AppIcon;
				CODE_SIGN_STYLE = Automatic;
				DEVELOPMENT_TEAM = RN28AXDR66;
				INFOPLIST_FILE = BASIC/Info.plist;
				IPHONEOS_DEPLOYMENT_TARGET = 11.0;
				LD_RUNPATH_SEARCH_PATHS = (
					"$(inherited)",
					"@executable_path/Frameworks",
				);
				PRODUCT_BUNDLE_IDENTIFIER = jemin.BASIC;
				PRODUCT_NAME = "$(TARGET_NAME)";
				SWIFT_VERSION = 4.2;
				TARGETED_DEVICE_FAMILY = "1,2";
			};
			name = Debug;
		};
		A2077576218AA00B00D97B5F /* Release */ = {
			isa = XCBuildConfiguration;
			buildSettings = {
				ASSETCATALOG_COMPILER_APPICON_NAME = AppIcon;
				CODE_SIGN_STYLE = Automatic;
				DEVELOPMENT_TEAM = RN28AXDR66;
				INFOPLIST_FILE = BASIC/Info.plist;
				IPHONEOS_DEPLOYMENT_TARGET = 11.0;
				LD_RUNPATH_SEARCH_PATHS = (
					"$(inherited)",
					"@executable_path/Frameworks",
				);
				PRODUCT_BUNDLE_IDENTIFIER = jemin.BASIC;
				PRODUCT_NAME = "$(TARGET_NAME)";
				SWIFT_VERSION = 4.2;
				TARGETED_DEVICE_FAMILY = "1,2";
			};
			name = Release;
		};
/* End XCBuildConfiguration section */

/* Begin XCConfigurationList section */
		A207755D218AA00900D97B5F /* Build configuration list for PBXProject "BASIC" */ = {
			isa = XCConfigurationList;
			buildConfigurations = (
				A2077572218AA00B00D97B5F /* Debug */,
				A2077573218AA00B00D97B5F /* Release */,
			);
			defaultConfigurationIsVisible = 0;
			defaultConfigurationName = Release;
		};
		A2077574218AA00B00D97B5F /* Build configuration list for PBXNativeTarget "BASIC" */ = {
			isa = XCConfigurationList;
			buildConfigurations = (
				A2077575218AA00B00D97B5F /* Debug */,
				A2077576218AA00B00D97B5F /* Release */,
			);
			defaultConfigurationIsVisible = 0;
			defaultConfigurationName = Release;
		};
/* End XCConfigurationList section */
	};
	rootObject = A207755A218AA00900D97B5F /* Project object */;
}
