// !$*UTF8*$!
{
	archiveVersion = 1;
	classes = {
	};
	objectVersion = 50;
	objects = {

/* Begin PBXBuildFile section */
		A2077566218AA00900D97B5F /* AppDelegate.swift in Sources */ = {isa = PBXBuildFile; fileRef = A2077565218AA00900D97B5F /* AppDelegate.swift */; };
		A2077568218AA00900D97B5F /* MainViewController.swift in Sources */ = {isa = PBXBuildFile; fileRef = A2077567218AA00900D97B5F /* MainViewController.swift */; };
		A207756B218AA00900D97B5F /* Main.storyboard in Resources */ = {isa = PBXBuildFile; fileRef = A2077569218AA00900D97B5F /* Main.storyboard */; };
		A207756D218AA00B00D97B5F /* Assets.xcassets in Resources */ = {isa = PBXBuildFile; fileRef = A207756C218AA00B00D97B5F /* Assets.xcassets */; };
		A2077570218AA00B00D97B5F /* LaunchScreen.storyboard in Resources */ = {isa = PBXBuildFile; fileRef = A207756E218AA00B00D97B5F /* LaunchScreen.storyboard */; };
		A207757A218AA22E00D97B5F /* RoundButton.swift in Sources */ = {isa = PBXBuildFile; fileRef = A2077579218AA22E00D97B5F /* RoundButton.swift */; };
		A2077584218AAEFF00D97B5F /* FizzbuzzViewController.swift in Sources */ = {isa = PBXBuildFile; fileRef = A2077583218AAEFF00D97B5F /* FizzbuzzViewController.swift */; };
		A2077586218AB0F700D97B5F /* Fizzbuzz.storyboard in Resources */ = {isa = PBXBuildFile; fileRef = A2077585218AB0F700D97B5F /* Fizzbuzz.storyboard */; };
		A2077589218AB53300D97B5F /* Timer.storyboard in Resources */ = {isa = PBXBuildFile; fileRef = A2077588218AB53300D97B5F /* Timer.storyboard */; };
		A207758B218AB53F00D97B5F /* TimerViewController.swift in Sources */ = {isa = PBXBuildFile; fileRef = A207758A218AB53F00D97B5F /* TimerViewController.swift */; };
		A207758F218AB70C00D97B5F /* ContactListViewController.swift in Sources */ = {isa = PBXBuildFile; fileRef = A207758E218AB70C00D97B5F /* ContactListViewController.swift */; };
		A2077591218AB71600D97B5F /* ContactList.storyboard in Resources */ = {isa = PBXBuildFile; fileRef = A2077590218AB71600D97B5F /* ContactList.storyboard */; };
		A2077593218AB9AB00D97B5F /* ContactInfoViewController.swift in Sources */ = {isa = PBXBuildFile; fileRef = A2077592218AB9AB00D97B5F /* ContactInfoViewController.swift */; };
		A207759E218B522D00D97B5F /* Date.storyboard in Resources */ = {isa = PBXBuildFile; fileRef = A207759D218B522D00D97B5F /* Date.storyboard */; };
		A20775A0218B523C00D97B5F /* DateViewController.swift in Sources */ = {isa = PBXBuildFile; fileRef = A207759F218B523C00D97B5F /* DateViewController.swift */; };
		A20775A2218B62FE00D97B5F /* ContactInfo.swift in Sources */ = {isa = PBXBuildFile; fileRef = A20775A1218B62FE00D97B5F /* ContactInfo.swift */; };
		A20775A6218B64C200D97B5F /* ContactInfoTableViewCell.swift in Sources */ = {isa = PBXBuildFile; fileRef = A20775A5218B64C200D97B5F /* ContactInfoTableViewCell.swift */; };
		A20775A8218B770B00D97B5F /* ContactListTableViewCell.swift in Sources */ = {isa = PBXBuildFile; fileRef = A20775A7218B770B00D97B5F /* ContactListTableViewCell.swift */; };
		A20775AD218B916800D97B5F /* Person.plist in Resources */ = {isa = PBXBuildFile; fileRef = A20775AC218B916800D97B5F /* Person.plist */; };
		A20775AF218B94EB00D97B5F /* PlistViewController.swift in Sources */ = {isa = PBXBuildFile; fileRef = A20775AE218B94EB00D97B5F /* PlistViewController.swift */; };
		A20775B1218B953600D97B5F /* Plist.storyboard in Resources */ = {isa = PBXBuildFile; fileRef = A20775B0218B953600D97B5F /* Plist.storyboard */; };
		A20775B3218B98C700D97B5F /* PlistTableViewCell.swift in Sources */ = {isa = PBXBuildFile; fileRef = A20775B2218B98C700D97B5F /* PlistTableViewCell.swift */; };
		A20775B5218B998500D97B5F /* PersonInfo.swift in Sources */ = {isa = PBXBuildFile; fileRef = A20775B4218B998500D97B5F /* PersonInfo.swift */; };
		A279C7DC218C1512005C8362 /* Picker.storyboard in Resources */ = {isa = PBXBuildFile; fileRef = A279C7DB218C1512005C8362 /* Picker.storyboard */; };
		A279C7DE218C1521005C8362 /* PickerViewController.swift in Sources */ = {isa = PBXBuildFile; fileRef = A279C7DD218C1521005C8362 /* PickerViewController.swift */; };
		A279C7E3218CBF67005C8362 /* PersonTableView.storyboard in Resources */ = {isa = PBXBuildFile; fileRef = A279C7E2218CBF67005C8362 /* PersonTableView.storyboard */; };
		A279C7E5218CBF8A005C8362 /* PersonTableViewController.swift in Sources */ = {isa = PBXBuildFile; fileRef = A279C7E4218CBF8A005C8362 /* PersonTableViewController.swift */; };
		A279C7E7218CC10D005C8362 /* PersonInfoTableViewController.swift in Sources */ = {isa = PBXBuildFile; fileRef = A279C7E6218CC10D005C8362 /* PersonInfoTableViewController.swift */; };
		A279C7E9218CC223005C8362 /* PersonInfoTableViewCell.swift in Sources */ = {isa = PBXBuildFile; fileRef = A279C7E8218CC223005C8362 /* PersonInfoTableViewCell.swift */; };
		A279C7EB218CC451005C8362 /* PersonInformation.swift in Sources */ = {isa = PBXBuildFile; fileRef = A279C7EA218CC451005C8362 /* PersonInformation.swift */; };
		A279C7ED218CC6FF005C8362 /* PersonTableViewCell.swift in Sources */ = {isa = PBXBuildFile; fileRef = A279C7EC218CC6FF005C8362 /* PersonTableViewCell.swift */; };
		A279C7F0218CF474005C8362 /* SearchBar.storyboard in Resources */ = {isa = PBXBuildFile; fileRef = A279C7EF218CF474005C8362 /* SearchBar.storyboard */; };
		A279C7F2218CF493005C8362 /* SearchBarTableViewController.swift in Sources */ = {isa = PBXBuildFile; fileRef = A279C7F1218CF493005C8362 /* SearchBarTableViewController.swift */; };
		A279C7F4218FAB7C005C8362 /* Topic.plist in Resources */ = {isa = PBXBuildFile; fileRef = A279C7F3218FAB7C005C8362 /* Topic.plist */; };
		A279C7F6218FAC2A005C8362 /* MainTableViewCell.swift in Sources */ = {isa = PBXBuildFile; fileRef = A279C7F5218FAC2A005C8362 /* MainTableViewCell.swift */; };
		A279C803218FFBB6005C8362 /* Subtitle.plist in Resources */ = {isa = PBXBuildFile; fileRef = A279C802218FFBB6005C8362 /* Subtitle.plist */; };
		A279C808219095FE005C8362 /* Extensions.storyboard in Resources */ = {isa = PBXBuildFile; fileRef = A279C807219095FE005C8362 /* Extensions.storyboard */; };
		A279C80A2190960E005C8362 /* ExtensionsViewController.swift in Sources */ = {isa = PBXBuildFile; fileRef = A279C8092190960E005C8362 /* ExtensionsViewController.swift */; };
		A279C80C21909693005C8362 /* ExtensionsTableViewCell.swift in Sources */ = {isa = PBXBuildFile; fileRef = A279C80B21909693005C8362 /* ExtensionsTableViewCell.swift */; };
		A279C80E219097ED005C8362 /* Utility.swift in Sources */ = {isa = PBXBuildFile; fileRef = A279C80D219097ED005C8362 /* Utility.swift */; };
		A279C8112190A259005C8362 /* CornerRadiusViewController.swift in Sources */ = {isa = PBXBuildFile; fileRef = A279C8102190A259005C8362 /* CornerRadiusViewController.swift */; };
		A279C8132190A26B005C8362 /* CornerRadius.storyboard in Resources */ = {isa = PBXBuildFile; fileRef = A279C8122190A26B005C8362 /* CornerRadius.storyboard */; };
		A279C8162190A8F2005C8362 /* Notification.storyboard in Resources */ = {isa = PBXBuildFile; fileRef = A279C8152190A8F2005C8362 /* Notification.storyboard */; };
		A279C8182190A902005C8362 /* FirstNotificationViewController.swift in Sources */ = {isa = PBXBuildFile; fileRef = A279C8172190A902005C8362 /* FirstNotificationViewController.swift */; };
		A279C81A2190AC17005C8362 /* SecondNotificationViewController.swift in Sources */ = {isa = PBXBuildFile; fileRef = A279C8192190AC17005C8362 /* SecondNotificationViewController.swift */; };
		A279C81C2190B067005C8362 /* ThirdNotificationViewController.swift in Sources */ = {isa = PBXBuildFile; fileRef = A279C81B2190B067005C8362 /* ThirdNotificationViewController.swift */; };
		A279C81E2190B0E3005C8362 /* FourthNotificationViewController.swift in Sources */ = {isa = PBXBuildFile; fileRef = A279C81D2190B0E3005C8362 /* FourthNotificationViewController.swift */; };
		A295A3162192B45700A3CA33 /* ImageFromServerViewController.swift in Sources */ = {isa = PBXBuildFile; fileRef = A295A3152192B45700A3CA33 /* ImageFromServerViewController.swift */; };
		A295A3182192B46400A3CA33 /* ImageFromServer.storyboard in Resources */ = {isa = PBXBuildFile; fileRef = A295A3172192B46400A3CA33 /* ImageFromServer.storyboard */; };
		A295A31A2192B5EF00A3CA33 /* ImageFromServerTableViewCell.swift in Sources */ = {isa = PBXBuildFile; fileRef = A295A3192192B5EF00A3CA33 /* ImageFromServerTableViewCell.swift */; };
		A295A3B2219600C600A3CA33 /* BASICTests.swift in Sources */ = {isa = PBXBuildFile; fileRef = A295A3B1219600C600A3CA33 /* BASICTests.swift */; };
		A295A3C0219600D300A3CA33 /* BASICUITests.swift in Sources */ = {isa = PBXBuildFile; fileRef = A295A3BF219600D300A3CA33 /* BASICUITests.swift */; };
		A295A3CA219602FE00A3CA33 /* ImageFromServerTests.swift in Sources */ = {isa = PBXBuildFile; fileRef = A295A3C9219602FE00A3CA33 /* ImageFromServerTests.swift */; };
		A29915CB2190DB1100F1908E /* Queue.storyboard in Resources */ = {isa = PBXBuildFile; fileRef = A29915CA2190DB1100F1908E /* Queue.storyboard */; };
		A29915CD2190DB2300F1908E /* QueueViewController.swift in Sources */ = {isa = PBXBuildFile; fileRef = A29915CC2190DB2300F1908E /* QueueViewController.swift */; };
		A2ADAAD72191F1BD00B26D2B /* Keyboard.storyboard in Resources */ = {isa = PBXBuildFile; fileRef = A2ADAAD62191F1BD00B26D2B /* Keyboard.storyboard */; };
		A2ADAAD92191F1CD00B26D2B /* KeyboardViewController.swift in Sources */ = {isa = PBXBuildFile; fileRef = A2ADAAD82191F1CD00B26D2B /* KeyboardViewController.swift */; };
/* End PBXBuildFile section */

/* Begin PBXContainerItemProxy section */
		A295A3B4219600C600A3CA33 /* PBXContainerItemProxy */ = {
			isa = PBXContainerItemProxy;
			containerPortal = A207755A218AA00900D97B5F /* Project object */;
			proxyType = 1;
			remoteGlobalIDString = A2077561218AA00900D97B5F;
			remoteInfo = BASIC;
		};
		A295A3C2219600D300A3CA33 /* PBXContainerItemProxy */ = {
			isa = PBXContainerItemProxy;
			containerPortal = A207755A218AA00900D97B5F /* Project object */;
			proxyType = 1;
			remoteGlobalIDString = A2077561218AA00900D97B5F;
			remoteInfo = BASIC;
		};
/* End PBXContainerItemProxy section */

/* Begin PBXFileReference section */
		A2077562218AA00900D97B5F /* BASIC.app */ = {isa = PBXFileReference; explicitFileType = wrapper.application; includeInIndex = 0; path = BASIC.app; sourceTree = BUILT_PRODUCTS_DIR; };
		A2077565218AA00900D97B5F /* AppDelegate.swift */ = {isa = PBXFileReference; lastKnownFileType = sourcecode.swift; path = AppDelegate.swift; sourceTree = "<group>"; };
		A2077567218AA00900D97B5F /* MainViewController.swift */ = {isa = PBXFileReference; lastKnownFileType = sourcecode.swift; path = MainViewController.swift; sourceTree = "<group>"; };
		A207756A218AA00900D97B5F /* Base */ = {isa = PBXFileReference; lastKnownFileType = file.storyboard; name = Base; path = Base.lproj/Main.storyboard; sourceTree = "<group>"; };
		A207756C218AA00B00D97B5F /* Assets.xcassets */ = {isa = PBXFileReference; lastKnownFileType = folder.assetcatalog; path = Assets.xcassets; sourceTree = "<group>"; };
		A207756F218AA00B00D97B5F /* Base */ = {isa = PBXFileReference; lastKnownFileType = file.storyboard; name = Base; path = Base.lproj/LaunchScreen.storyboard; sourceTree = "<group>"; };
		A2077571218AA00B00D97B5F /* Info.plist */ = {isa = PBXFileReference; lastKnownFileType = text.plist.xml; path = Info.plist; sourceTree = "<group>"; };
		A2077579218AA22E00D97B5F /* RoundButton.swift */ = {isa = PBXFileReference; lastKnownFileType = sourcecode.swift; path = RoundButton.swift; sourceTree = "<group>"; };
		A2077583218AAEFF00D97B5F /* FizzbuzzViewController.swift */ = {isa = PBXFileReference; lastKnownFileType = sourcecode.swift; path = FizzbuzzViewController.swift; sourceTree = "<group>"; };
		A2077585218AB0F700D97B5F /* Fizzbuzz.storyboard */ = {isa = PBXFileReference; lastKnownFileType = file.storyboard; path = Fizzbuzz.storyboard; sourceTree = "<group>"; };
		A2077588218AB53300D97B5F /* Timer.storyboard */ = {isa = PBXFileReference; lastKnownFileType = file.storyboard; path = Timer.storyboard; sourceTree = "<group>"; };
		A207758A218AB53F00D97B5F /* TimerViewController.swift */ = {isa = PBXFileReference; lastKnownFileType = sourcecode.swift; path = TimerViewController.swift; sourceTree = "<group>"; };
		A207758E218AB70C00D97B5F /* ContactListViewController.swift */ = {isa = PBXFileReference; lastKnownFileType = sourcecode.swift; path = ContactListViewController.swift; sourceTree = "<group>"; };
		A2077590218AB71600D97B5F /* ContactList.storyboard */ = {isa = PBXFileReference; lastKnownFileType = file.storyboard; path = ContactList.storyboard; sourceTree = "<group>"; };
		A2077592218AB9AB00D97B5F /* ContactInfoViewController.swift */ = {isa = PBXFileReference; lastKnownFileType = sourcecode.swift; path = ContactInfoViewController.swift; sourceTree = "<group>"; };
		A207759D218B522D00D97B5F /* Date.storyboard */ = {isa = PBXFileReference; lastKnownFileType = file.storyboard; path = Date.storyboard; sourceTree = "<group>"; };
		A207759F218B523C00D97B5F /* DateViewController.swift */ = {isa = PBXFileReference; lastKnownFileType = sourcecode.swift; path = DateViewController.swift; sourceTree = "<group>"; };
		A20775A1218B62FE00D97B5F /* ContactInfo.swift */ = {isa = PBXFileReference; lastKnownFileType = sourcecode.swift; path = ContactInfo.swift; sourceTree = "<group>"; };
		A20775A5218B64C200D97B5F /* ContactInfoTableViewCell.swift */ = {isa = PBXFileReference; lastKnownFileType = sourcecode.swift; path = ContactInfoTableViewCell.swift; sourceTree = "<group>"; };
		A20775A7218B770B00D97B5F /* ContactListTableViewCell.swift */ = {isa = PBXFileReference; lastKnownFileType = sourcecode.swift; path = ContactListTableViewCell.swift; sourceTree = "<group>"; };
		A20775AC218B916800D97B5F /* Person.plist */ = {isa = PBXFileReference; lastKnownFileType = text.plist.xml; path = Person.plist; sourceTree = "<group>"; };
		A20775AE218B94EB00D97B5F /* PlistViewController.swift */ = {isa = PBXFileReference; lastKnownFileType = sourcecode.swift; path = PlistViewController.swift; sourceTree = "<group>"; };
		A20775B0218B953600D97B5F /* Plist.storyboard */ = {isa = PBXFileReference; lastKnownFileType = file.storyboard; path = Plist.storyboard; sourceTree = "<group>"; };
		A20775B2218B98C700D97B5F /* PlistTableViewCell.swift */ = {isa = PBXFileReference; lastKnownFileType = sourcecode.swift; path = PlistTableViewCell.swift; sourceTree = "<group>"; };
		A20775B4218B998500D97B5F /* PersonInfo.swift */ = {isa = PBXFileReference; lastKnownFileType = sourcecode.swift; path = PersonInfo.swift; sourceTree = "<group>"; };
		A279C7DB218C1512005C8362 /* Picker.storyboard */ = {isa = PBXFileReference; lastKnownFileType = file.storyboard; path = Picker.storyboard; sourceTree = "<group>"; };
		A279C7DD218C1521005C8362 /* PickerViewController.swift */ = {isa = PBXFileReference; lastKnownFileType = sourcecode.swift; path = PickerViewController.swift; sourceTree = "<group>"; };
		A279C7E2218CBF67005C8362 /* PersonTableView.storyboard */ = {isa = PBXFileReference; lastKnownFileType = file.storyboard; path = PersonTableView.storyboard; sourceTree = "<group>"; };
		A279C7E4218CBF8A005C8362 /* PersonTableViewController.swift */ = {isa = PBXFileReference; lastKnownFileType = sourcecode.swift; path = PersonTableViewController.swift; sourceTree = "<group>"; };
		A279C7E6218CC10D005C8362 /* PersonInfoTableViewController.swift */ = {isa = PBXFileReference; lastKnownFileType = sourcecode.swift; path = PersonInfoTableViewController.swift; sourceTree = "<group>"; };
		A279C7E8218CC223005C8362 /* PersonInfoTableViewCell.swift */ = {isa = PBXFileReference; lastKnownFileType = sourcecode.swift; path = PersonInfoTableViewCell.swift; sourceTree = "<group>"; };
		A279C7EA218CC451005C8362 /* PersonInformation.swift */ = {isa = PBXFileReference; lastKnownFileType = sourcecode.swift; path = PersonInformation.swift; sourceTree = "<group>"; };
		A279C7EC218CC6FF005C8362 /* PersonTableViewCell.swift */ = {isa = PBXFileReference; lastKnownFileType = sourcecode.swift; path = PersonTableViewCell.swift; sourceTree = "<group>"; };
		A279C7EF218CF474005C8362 /* SearchBar.storyboard */ = {isa = PBXFileReference; lastKnownFileType = file.storyboard; path = SearchBar.storyboard; sourceTree = "<group>"; };
		A279C7F1218CF493005C8362 /* SearchBarTableViewController.swift */ = {isa = PBXFileReference; lastKnownFileType = sourcecode.swift; path = SearchBarTableViewController.swift; sourceTree = "<group>"; };
		A279C7F3218FAB7C005C8362 /* Topic.plist */ = {isa = PBXFileReference; lastKnownFileType = text.plist.xml; path = Topic.plist; sourceTree = "<group>"; };
		A279C7F5218FAC2A005C8362 /* MainTableViewCell.swift */ = {isa = PBXFileReference; lastKnownFileType = sourcecode.swift; path = MainTableViewCell.swift; sourceTree = "<group>"; };
		A279C802218FFBB6005C8362 /* Subtitle.plist */ = {isa = PBXFileReference; lastKnownFileType = text.plist.xml; path = Subtitle.plist; sourceTree = "<group>"; };
		A279C807219095FE005C8362 /* Extensions.storyboard */ = {isa = PBXFileReference; lastKnownFileType = file.storyboard; path = Extensions.storyboard; sourceTree = "<group>"; };
		A279C8092190960E005C8362 /* ExtensionsViewController.swift */ = {isa = PBXFileReference; lastKnownFileType = sourcecode.swift; path = ExtensionsViewController.swift; sourceTree = "<group>"; };
		A279C80B21909693005C8362 /* ExtensionsTableViewCell.swift */ = {isa = PBXFileReference; lastKnownFileType = sourcecode.swift; path = ExtensionsTableViewCell.swift; sourceTree = "<group>"; };
		A279C80D219097ED005C8362 /* Utility.swift */ = {isa = PBXFileReference; lastKnownFileType = sourcecode.swift; path = Utility.swift; sourceTree = "<group>"; };
		A279C8102190A259005C8362 /* CornerRadiusViewController.swift */ = {isa = PBXFileReference; lastKnownFileType = sourcecode.swift; path = CornerRadiusViewController.swift; sourceTree = "<group>"; };
		A279C8122190A26B005C8362 /* CornerRadius.storyboard */ = {isa = PBXFileReference; lastKnownFileType = file.storyboard; path = CornerRadius.storyboard; sourceTree = "<group>"; };
		A279C8152190A8F2005C8362 /* Notification.storyboard */ = {isa = PBXFileReference; lastKnownFileType = file.storyboard; path = Notification.storyboard; sourceTree = "<group>"; };
		A279C8172190A902005C8362 /* FirstNotificationViewController.swift */ = {isa = PBXFileReference; lastKnownFileType = sourcecode.swift; path = FirstNotificationViewController.swift; sourceTree = "<group>"; };
		A279C8192190AC17005C8362 /* SecondNotificationViewController.swift */ = {isa = PBXFileReference; lastKnownFileType = sourcecode.swift; path = SecondNotificationViewController.swift; sourceTree = "<group>"; };
		A279C81B2190B067005C8362 /* ThirdNotificationViewController.swift */ = {isa = PBXFileReference; lastKnownFileType = sourcecode.swift; path = ThirdNotificationViewController.swift; sourceTree = "<group>"; };
		A279C81D2190B0E3005C8362 /* FourthNotificationViewController.swift */ = {isa = PBXFileReference; lastKnownFileType = sourcecode.swift; path = FourthNotificationViewController.swift; sourceTree = "<group>"; };
		A295A3152192B45700A3CA33 /* ImageFromServerViewController.swift */ = {isa = PBXFileReference; lastKnownFileType = sourcecode.swift; path = ImageFromServerViewController.swift; sourceTree = "<group>"; };
		A295A3172192B46400A3CA33 /* ImageFromServer.storyboard */ = {isa = PBXFileReference; lastKnownFileType = file.storyboard; path = ImageFromServer.storyboard; sourceTree = "<group>"; };
		A295A3192192B5EF00A3CA33 /* ImageFromServerTableViewCell.swift */ = {isa = PBXFileReference; lastKnownFileType = sourcecode.swift; path = ImageFromServerTableViewCell.swift; sourceTree = "<group>"; };
		A295A3AF219600C600A3CA33 /* BASICTests.xctest */ = {isa = PBXFileReference; explicitFileType = wrapper.cfbundle; includeInIndex = 0; path = BASICTests.xctest; sourceTree = BUILT_PRODUCTS_DIR; };
		A295A3B1219600C600A3CA33 /* BASICTests.swift */ = {isa = PBXFileReference; lastKnownFileType = sourcecode.swift; path = BASICTests.swift; sourceTree = "<group>"; };
		A295A3B3219600C600A3CA33 /* Info.plist */ = {isa = PBXFileReference; lastKnownFileType = text.plist.xml; path = Info.plist; sourceTree = "<group>"; };
		A295A3BD219600D300A3CA33 /* BASICUITests.xctest */ = {isa = PBXFileReference; explicitFileType = wrapper.cfbundle; includeInIndex = 0; path = BASICUITests.xctest; sourceTree = BUILT_PRODUCTS_DIR; };
		A295A3BF219600D300A3CA33 /* BASICUITests.swift */ = {isa = PBXFileReference; lastKnownFileType = sourcecode.swift; path = BASICUITests.swift; sourceTree = "<group>"; };
		A295A3C1219600D300A3CA33 /* Info.plist */ = {isa = PBXFileReference; lastKnownFileType = text.plist.xml; path = Info.plist; sourceTree = "<group>"; };
		A295A3C9219602FE00A3CA33 /* ImageFromServerTests.swift */ = {isa = PBXFileReference; lastKnownFileType = sourcecode.swift; path = ImageFromServerTests.swift; sourceTree = "<group>"; };
		A29915CA2190DB1100F1908E /* Queue.storyboard */ = {isa = PBXFileReference; lastKnownFileType = file.storyboard; path = Queue.storyboard; sourceTree = "<group>"; };
		A29915CC2190DB2300F1908E /* QueueViewController.swift */ = {isa = PBXFileReference; lastKnownFileType = sourcecode.swift; path = QueueViewController.swift; sourceTree = "<group>"; };
		A2ADAAD62191F1BD00B26D2B /* Keyboard.storyboard */ = {isa = PBXFileReference; lastKnownFileType = file.storyboard; path = Keyboard.storyboard; sourceTree = "<group>"; };
		A2ADAAD82191F1CD00B26D2B /* KeyboardViewController.swift */ = {isa = PBXFileReference; lastKnownFileType = sourcecode.swift; path = KeyboardViewController.swift; sourceTree = "<group>"; };
/* End PBXFileReference section */

/* Begin PBXFrameworksBuildPhase section */
		A207755F218AA00900D97B5F /* Frameworks */ = {
			isa = PBXFrameworksBuildPhase;
			buildActionMask = 2147483647;
			files = (
			);
			runOnlyForDeploymentPostprocessing = 0;
		};
		A295A3AC219600C600A3CA33 /* Frameworks */ = {
			isa = PBXFrameworksBuildPhase;
			buildActionMask = 2147483647;
			files = (
			);
			runOnlyForDeploymentPostprocessing = 0;
		};
		A295A3BA219600D300A3CA33 /* Frameworks */ = {
			isa = PBXFrameworksBuildPhase;
			buildActionMask = 2147483647;
			files = (
			);
			runOnlyForDeploymentPostprocessing = 0;
		};
/* End PBXFrameworksBuildPhase section */

/* Begin PBXGroup section */
		A2077559218AA00900D97B5F = {
			isa = PBXGroup;
			children = (
				A2077564218AA00900D97B5F /* BASIC */,
				A295A3B0219600C600A3CA33 /* BASICTests */,
				A295A3BE219600D300A3CA33 /* BASICUITests */,
				A2077563218AA00900D97B5F /* Products */,
			);
			sourceTree = "<group>";
		};
		A2077563218AA00900D97B5F /* Products */ = {
			isa = PBXGroup;
			children = (
				A2077562218AA00900D97B5F /* BASIC.app */,
				A295A3AF219600C600A3CA33 /* BASICTests.xctest */,
				A295A3BD219600D300A3CA33 /* BASICUITests.xctest */,
			);
			name = Products;
			sourceTree = "<group>";
		};
		A2077564218AA00900D97B5F /* BASIC */ = {
			isa = PBXGroup;
			children = (
				A2077565218AA00900D97B5F /* AppDelegate.swift */,
				A2077579218AA22E00D97B5F /* RoundButton.swift */,
				A207756E218AA00B00D97B5F /* LaunchScreen.storyboard */,
				A2077569218AA00900D97B5F /* Main.storyboard */,
				A2077567218AA00900D97B5F /* MainViewController.swift */,
				A279C7F5218FAC2A005C8362 /* MainTableViewCell.swift */,
				A279C7F3218FAB7C005C8362 /* Topic.plist */,
				A279C802218FFBB6005C8362 /* Subtitle.plist */,
				A207757B218AA28A00D97B5F /* WEEK 3 */,
				A279C80521900172005C8362 /* WEEK 4 */,
				A207756C218AA00B00D97B5F /* Assets.xcassets */,
				A2077571218AA00B00D97B5F /* Info.plist */,
			);
			path = BASIC;
			sourceTree = "<group>";
		};
		A207757B218AA28A00D97B5F /* WEEK 3 */ = {
			isa = PBXGroup;
			children = (
				A207758C218AB6EE00D97B5F /* Contact List */,
				A207759C218B521F00D97B5F /* Date */,
				A2077582218AAEE400D97B5F /* Fizzbuzz */,
				A279C7E1218CBF07005C8362 /* PersonTableViewController */,
				A279C7DA218C14F8005C8362 /* Picker */,
				A20775A9218B8DA600D97B5F /* P list */,
				A279C7EE218CF453005C8362 /* SearchBarController */,
				A2077587218AB51A00D97B5F /* Timer */,
			);
			path = "WEEK 3";
			sourceTree = "<group>";
		};
		A2077582218AAEE400D97B5F /* Fizzbuzz */ = {
			isa = PBXGroup;
			children = (
				A2077585218AB0F700D97B5F /* Fizzbuzz.storyboard */,
				A2077583218AAEFF00D97B5F /* FizzbuzzViewController.swift */,
			);
			path = Fizzbuzz;
			sourceTree = "<group>";
		};
		A2077587218AB51A00D97B5F /* Timer */ = {
			isa = PBXGroup;
			children = (
				A2077588218AB53300D97B5F /* Timer.storyboard */,
				A207758A218AB53F00D97B5F /* TimerViewController.swift */,
			);
			path = Timer;
			sourceTree = "<group>";
		};
		A207758C218AB6EE00D97B5F /* Contact List */ = {
			isa = PBXGroup;
			children = (
				A2077590218AB71600D97B5F /* ContactList.storyboard */,
				A207758E218AB70C00D97B5F /* ContactListViewController.swift */,
				A20775A7218B770B00D97B5F /* ContactListTableViewCell.swift */,
				A2077592218AB9AB00D97B5F /* ContactInfoViewController.swift */,
				A20775A5218B64C200D97B5F /* ContactInfoTableViewCell.swift */,
				A20775A1218B62FE00D97B5F /* ContactInfo.swift */,
			);
			path = "Contact List";
			sourceTree = "<group>";
		};
		A207759C218B521F00D97B5F /* Date */ = {
			isa = PBXGroup;
			children = (
				A207759D218B522D00D97B5F /* Date.storyboard */,
				A207759F218B523C00D97B5F /* DateViewController.swift */,
			);
			path = Date;
			sourceTree = "<group>";
		};
		A20775A9218B8DA600D97B5F /* P list */ = {
			isa = PBXGroup;
			children = (
				A20775AC218B916800D97B5F /* Person.plist */,
				A20775B0218B953600D97B5F /* Plist.storyboard */,
				A20775AE218B94EB00D97B5F /* PlistViewController.swift */,
				A20775B2218B98C700D97B5F /* PlistTableViewCell.swift */,
				A20775B4218B998500D97B5F /* PersonInfo.swift */,
			);
			path = "P list";
			sourceTree = "<group>";
		};
		A279C7DA218C14F8005C8362 /* Picker */ = {
			isa = PBXGroup;
			children = (
				A279C7DB218C1512005C8362 /* Picker.storyboard */,
				A279C7DD218C1521005C8362 /* PickerViewController.swift */,
			);
			path = Picker;
			sourceTree = "<group>";
		};
		A279C7E1218CBF07005C8362 /* PersonTableViewController */ = {
			isa = PBXGroup;
			children = (
				A279C7E2218CBF67005C8362 /* PersonTableView.storyboard */,
				A279C7E4218CBF8A005C8362 /* PersonTableViewController.swift */,
				A279C7EC218CC6FF005C8362 /* PersonTableViewCell.swift */,
				A279C7E6218CC10D005C8362 /* PersonInfoTableViewController.swift */,
				A279C7E8218CC223005C8362 /* PersonInfoTableViewCell.swift */,
				A279C7EA218CC451005C8362 /* PersonInformation.swift */,
			);
			path = PersonTableViewController;
			sourceTree = "<group>";
		};
		A279C7EE218CF453005C8362 /* SearchBarController */ = {
			isa = PBXGroup;
			children = (
				A279C7EF218CF474005C8362 /* SearchBar.storyboard */,
				A279C7F1218CF493005C8362 /* SearchBarTableViewController.swift */,
			);
			path = SearchBarController;
			sourceTree = "<group>";
		};
		A279C80521900172005C8362 /* WEEK 4 */ = {
			isa = PBXGroup;
			children = (
				A279C80D219097ED005C8362 /* Utility.swift */,
				A2ADAAD52191F19700B26D2B /* Keyboard */,
				A279C80F2190A245005C8362 /* CornerRadius */,
				A279C806219093E5005C8362 /* Extensions */,
				A279C8142190A8C7005C8362 /* Notification */,
				A29915C92190DAF600F1908E /* Queue */,
				A2ADAADA2192A3AE00B26D2B /* ImageFromServer */,
			);
			path = "WEEK 4";
			sourceTree = "<group>";
		};
		A279C806219093E5005C8362 /* Extensions */ = {
			isa = PBXGroup;
			children = (
				A279C807219095FE005C8362 /* Extensions.storyboard */,
				A279C8092190960E005C8362 /* ExtensionsViewController.swift */,
				A279C80B21909693005C8362 /* ExtensionsTableViewCell.swift */,
			);
			path = Extensions;
			sourceTree = "<group>";
		};
		A279C80F2190A245005C8362 /* CornerRadius */ = {
			isa = PBXGroup;
			children = (
				A279C8122190A26B005C8362 /* CornerRadius.storyboard */,
				A279C8102190A259005C8362 /* CornerRadiusViewController.swift */,
			);
			path = CornerRadius;
			sourceTree = "<group>";
		};
		A279C8142190A8C7005C8362 /* Notification */ = {
			isa = PBXGroup;
			children = (
				A279C8152190A8F2005C8362 /* Notification.storyboard */,
				A279C8172190A902005C8362 /* FirstNotificationViewController.swift */,
				A279C8192190AC17005C8362 /* SecondNotificationViewController.swift */,
				A279C81B2190B067005C8362 /* ThirdNotificationViewController.swift */,
				A279C81D2190B0E3005C8362 /* FourthNotificationViewController.swift */,
			);
			path = Notification;
			sourceTree = "<group>";
		};
		A295A3B0219600C600A3CA33 /* BASICTests */ = {
			isa = PBXGroup;
			children = (
				A295A3B1219600C600A3CA33 /* BASICTests.swift */,
				A295A3C7219602D200A3CA33 /* WEEK4 */,
				A295A3B3219600C600A3CA33 /* Info.plist */,
			);
			path = BASICTests;
			sourceTree = "<group>";
		};
		A295A3BE219600D300A3CA33 /* BASICUITests */ = {
			isa = PBXGroup;
			children = (
				A295A3BF219600D300A3CA33 /* BASICUITests.swift */,
				A295A3C1219600D300A3CA33 /* Info.plist */,
			);
			path = BASICUITests;
			sourceTree = "<group>";
		};
		A295A3C7219602D200A3CA33 /* WEEK4 */ = {
			isa = PBXGroup;
			children = (
				A295A3C8219602D900A3CA33 /* ImageFromServer */,
			);
			path = WEEK4;
			sourceTree = "<group>";
		};
		A295A3C8219602D900A3CA33 /* ImageFromServer */ = {
			isa = PBXGroup;
			children = (
				A295A3C9219602FE00A3CA33 /* ImageFromServerTests.swift */,
			);
			path = ImageFromServer;
			sourceTree = "<group>";
		};
		A29915C92190DAF600F1908E /* Queue */ = {
			isa = PBXGroup;
			children = (
				A29915CA2190DB1100F1908E /* Queue.storyboard */,
				A29915CC2190DB2300F1908E /* QueueViewController.swift */,
			);
			path = Queue;
			sourceTree = "<group>";
		};
		A2ADAAD52191F19700B26D2B /* Keyboard */ = {
			isa = PBXGroup;
			children = (
				A2ADAAD62191F1BD00B26D2B /* Keyboard.storyboard */,
				A2ADAAD82191F1CD00B26D2B /* KeyboardViewController.swift */,
			);
			path = Keyboard;
			sourceTree = "<group>";
		};
		A2ADAADA2192A3AE00B26D2B /* ImageFromServer */ = {
			isa = PBXGroup;
			children = (
				A295A3172192B46400A3CA33 /* ImageFromServer.storyboard */,
				A295A3152192B45700A3CA33 /* ImageFromServerViewController.swift */,
				A295A3192192B5EF00A3CA33 /* ImageFromServerTableViewCell.swift */,
			);
			path = ImageFromServer;
			sourceTree = "<group>";
		};
/* End PBXGroup section */

/* Begin PBXNativeTarget section */
		A2077561218AA00900D97B5F /* BASIC */ = {
			isa = PBXNativeTarget;
			buildConfigurationList = A2077574218AA00B00D97B5F /* Build configuration list for PBXNativeTarget "BASIC" */;
			buildPhases = (
				A207755E218AA00900D97B5F /* Sources */,
				A207755F218AA00900D97B5F /* Frameworks */,
				A2077560218AA00900D97B5F /* Resources */,
			);
			buildRules = (
			);
			dependencies = (
			);
			name = BASIC;
			productName = BASIC;
			productReference = A2077562218AA00900D97B5F /* BASIC.app */;
			productType = "com.apple.product-type.application";
		};
		A295A3AE219600C600A3CA33 /* BASICTests */ = {
			isa = PBXNativeTarget;
			buildConfigurationList = A295A3B6219600C600A3CA33 /* Build configuration list for PBXNativeTarget "BASICTests" */;
			buildPhases = (
				A295A3AB219600C600A3CA33 /* Sources */,
				A295A3AC219600C600A3CA33 /* Frameworks */,
				A295A3AD219600C600A3CA33 /* Resources */,
			);
			buildRules = (
			);
			dependencies = (
				A295A3B5219600C600A3CA33 /* PBXTargetDependency */,
			);
			name = BASICTests;
			productName = BASICTests;
			productReference = A295A3AF219600C600A3CA33 /* BASICTests.xctest */;
			productType = "com.apple.product-type.bundle.unit-test";
		};
		A295A3BC219600D300A3CA33 /* BASICUITests */ = {
			isa = PBXNativeTarget;
			buildConfigurationList = A295A3C4219600D300A3CA33 /* Build configuration list for PBXNativeTarget "BASICUITests" */;
			buildPhases = (
				A295A3B9219600D300A3CA33 /* Sources */,
				A295A3BA219600D300A3CA33 /* Frameworks */,
				A295A3BB219600D300A3CA33 /* Resources */,
			);
			buildRules = (
			);
			dependencies = (
				A295A3C3219600D300A3CA33 /* PBXTargetDependency */,
			);
			name = BASICUITests;
			productName = BASICUITests;
			productReference = A295A3BD219600D300A3CA33 /* BASICUITests.xctest */;
			productType = "com.apple.product-type.bundle.ui-testing";
		};
/* End PBXNativeTarget section */

/* Begin PBXProject section */
		A207755A218AA00900D97B5F /* Project object */ = {
			isa = PBXProject;
			attributes = {
				LastSwiftUpdateCheck = 1000;
				LastUpgradeCheck = 1000;
				ORGANIZATIONNAME = "Je Min Son";
				TargetAttributes = {
					A2077561218AA00900D97B5F = {
						CreatedOnToolsVersion = 10.0;
					};
					A295A3AE219600C600A3CA33 = {
						CreatedOnToolsVersion = 10.0;
						TestTargetID = A2077561218AA00900D97B5F;
					};
					A295A3BC219600D300A3CA33 = {
						CreatedOnToolsVersion = 10.0;
						TestTargetID = A2077561218AA00900D97B5F;
					};
				};
			};
			buildConfigurationList = A207755D218AA00900D97B5F /* Build configuration list for PBXProject "BASIC" */;
			compatibilityVersion = "Xcode 9.3";
			developmentRegion = en;
			hasScannedForEncodings = 0;
			knownRegions = (
				en,
				Base,
			);
			mainGroup = A2077559218AA00900D97B5F;
			productRefGroup = A2077563218AA00900D97B5F /* Products */;
			projectDirPath = "";
			projectRoot = "";
			targets = (
				A2077561218AA00900D97B5F /* BASIC */,
				A295A3AE219600C600A3CA33 /* BASICTests */,
				A295A3BC219600D300A3CA33 /* BASICUITests */,
			);
		};
/* End PBXProject section */

/* Begin PBXResourcesBuildPhase section */
		A2077560218AA00900D97B5F /* Resources */ = {
			isa = PBXResourcesBuildPhase;
			buildActionMask = 2147483647;
			files = (
				A279C7F0218CF474005C8362 /* SearchBar.storyboard in Resources */,
				A279C7F4218FAB7C005C8362 /* Topic.plist in Resources */,
				A2077570218AA00B00D97B5F /* LaunchScreen.storyboard in Resources */,
				A279C808219095FE005C8362 /* Extensions.storyboard in Resources */,
				A207756D218AA00B00D97B5F /* Assets.xcassets in Resources */,
				A279C7DC218C1512005C8362 /* Picker.storyboard in Resources */,
				A279C7E3218CBF67005C8362 /* PersonTableView.storyboard in Resources */,
				A295A3182192B46400A3CA33 /* ImageFromServer.storyboard in Resources */,
				A2077586218AB0F700D97B5F /* Fizzbuzz.storyboard in Resources */,
				A20775B1218B953600D97B5F /* Plist.storyboard in Resources */,
				A20775AD218B916800D97B5F /* Person.plist in Resources */,
				A2077589218AB53300D97B5F /* Timer.storyboard in Resources */,
				A279C8132190A26B005C8362 /* CornerRadius.storyboard in Resources */,
				A29915CB2190DB1100F1908E /* Queue.storyboard in Resources */,
				A207759E218B522D00D97B5F /* Date.storyboard in Resources */,
				A2077591218AB71600D97B5F /* ContactList.storyboard in Resources */,
				A279C803218FFBB6005C8362 /* Subtitle.plist in Resources */,
				A279C8162190A8F2005C8362 /* Notification.storyboard in Resources */,
				A2ADAAD72191F1BD00B26D2B /* Keyboard.storyboard in Resources */,
				A207756B218AA00900D97B5F /* Main.storyboard in Resources */,
			);
			runOnlyForDeploymentPostprocessing = 0;
		};
		A295A3AD219600C600A3CA33 /* Resources */ = {
			isa = PBXResourcesBuildPhase;
			buildActionMask = 2147483647;
			files = (
			);
			runOnlyForDeploymentPostprocessing = 0;
		};
		A295A3BB219600D300A3CA33 /* Resources */ = {
			isa = PBXResourcesBuildPhase;
			buildActionMask = 2147483647;
			files = (
			);
			runOnlyForDeploymentPostprocessing = 0;
		};
/* End PBXResourcesBuildPhase section */

/* Begin PBXSourcesBuildPhase section */
		A207755E218AA00900D97B5F /* Sources */ = {
			isa = PBXSourcesBuildPhase;
			buildActionMask = 2147483647;
			files = (
				A20775A0218B523C00D97B5F /* DateViewController.swift in Sources */,
				A279C7EB218CC451005C8362 /* PersonInformation.swift in Sources */,
				A279C7F2218CF493005C8362 /* SearchBarTableViewController.swift in Sources */,
				A295A3162192B45700A3CA33 /* ImageFromServerViewController.swift in Sources */,
				A207757A218AA22E00D97B5F /* RoundButton.swift in Sources */,
				A279C80E219097ED005C8362 /* Utility.swift in Sources */,
				A279C81E2190B0E3005C8362 /* FourthNotificationViewController.swift in Sources */,
				A2077593218AB9AB00D97B5F /* ContactInfoViewController.swift in Sources */,
				A2ADAAD92191F1CD00B26D2B /* KeyboardViewController.swift in Sources */,
				A279C7ED218CC6FF005C8362 /* PersonTableViewCell.swift in Sources */,
				A2077584218AAEFF00D97B5F /* FizzbuzzViewController.swift in Sources */,
				A20775A2218B62FE00D97B5F /* ContactInfo.swift in Sources */,
				A279C8112190A259005C8362 /* CornerRadiusViewController.swift in Sources */,
				A279C81C2190B067005C8362 /* ThirdNotificationViewController.swift in Sources */,
				A2077568218AA00900D97B5F /* MainViewController.swift in Sources */,
				A279C7E9218CC223005C8362 /* PersonInfoTableViewCell.swift in Sources */,
				A279C7F6218FAC2A005C8362 /* MainTableViewCell.swift in Sources */,
				A279C80C21909693005C8362 /* ExtensionsTableViewCell.swift in Sources */,
				A279C7E7218CC10D005C8362 /* PersonInfoTableViewController.swift in Sources */,
				A207758B218AB53F00D97B5F /* TimerViewController.swift in Sources */,
				A295A31A2192B5EF00A3CA33 /* ImageFromServerTableViewCell.swift in Sources */,
				A20775A6218B64C200D97B5F /* ContactInfoTableViewCell.swift in Sources */,
				A20775B3218B98C700D97B5F /* PlistTableViewCell.swift in Sources */,
				A20775AF218B94EB00D97B5F /* PlistViewController.swift in Sources */,
				A20775A8218B770B00D97B5F /* ContactListTableViewCell.swift in Sources */,
				A207758F218AB70C00D97B5F /* ContactListViewController.swift in Sources */,
				A2077566218AA00900D97B5F /* AppDelegate.swift in Sources */,
				A279C7E5218CBF8A005C8362 /* PersonTableViewController.swift in Sources */,
				A279C81A2190AC17005C8362 /* SecondNotificationViewController.swift in Sources */,
				A279C8182190A902005C8362 /* FirstNotificationViewController.swift in Sources */,
				A29915CD2190DB2300F1908E /* QueueViewController.swift in Sources */,
				A20775B5218B998500D97B5F /* PersonInfo.swift in Sources */,
				A279C80A2190960E005C8362 /* ExtensionsViewController.swift in Sources */,
				A279C7DE218C1521005C8362 /* PickerViewController.swift in Sources */,
			);
			runOnlyForDeploymentPostprocessing = 0;
		};
		A295A3AB219600C600A3CA33 /* Sources */ = {
			isa = PBXSourcesBuildPhase;
			buildActionMask = 2147483647;
			files = (
				A295A3CA219602FE00A3CA33 /* ImageFromServerTests.swift in Sources */,
				A295A3B2219600C600A3CA33 /* BASICTests.swift in Sources */,
			);
			runOnlyForDeploymentPostprocessing = 0;
		};
		A295A3B9219600D300A3CA33 /* Sources */ = {
			isa = PBXSourcesBuildPhase;
			buildActionMask = 2147483647;
			files = (
				A295A3C0219600D300A3CA33 /* BASICUITests.swift in Sources */,
			);
			runOnlyForDeploymentPostprocessing = 0;
		};
/* End PBXSourcesBuildPhase section */

/* Begin PBXTargetDependency section */
		A295A3B5219600C600A3CA33 /* PBXTargetDependency */ = {
			isa = PBXTargetDependency;
			target = A2077561218AA00900D97B5F /* BASIC */;
			targetProxy = A295A3B4219600C600A3CA33 /* PBXContainerItemProxy */;
		};
		A295A3C3219600D300A3CA33 /* PBXTargetDependency */ = {
			isa = PBXTargetDependency;
			target = A2077561218AA00900D97B5F /* BASIC */;
			targetProxy = A295A3C2219600D300A3CA33 /* PBXContainerItemProxy */;
		};
/* End PBXTargetDependency section */

/* Begin PBXVariantGroup section */
		A2077569218AA00900D97B5F /* Main.storyboard */ = {
			isa = PBXVariantGroup;
			children = (
				A207756A218AA00900D97B5F /* Base */,
			);
			name = Main.storyboard;
			sourceTree = "<group>";
		};
		A207756E218AA00B00D97B5F /* LaunchScreen.storyboard */ = {
			isa = PBXVariantGroup;
			children = (
				A207756F218AA00B00D97B5F /* Base */,
			);
			name = LaunchScreen.storyboard;
			sourceTree = "<group>";
		};
/* End PBXVariantGroup section */

/* Begin XCBuildConfiguration section */
		A2077572218AA00B00D97B5F /* Debug */ = {
			isa = XCBuildConfiguration;
			buildSettings = {
				ALWAYS_SEARCH_USER_PATHS = NO;
				CLANG_ANALYZER_NONNULL = YES;
				CLANG_ANALYZER_NUMBER_OBJECT_CONVERSION = YES_AGGRESSIVE;
				CLANG_CXX_LANGUAGE_STANDARD = "gnu++14";
				CLANG_CXX_LIBRARY = "libc++";
				CLANG_ENABLE_MODULES = YES;
				CLANG_ENABLE_OBJC_ARC = YES;
				CLANG_ENABLE_OBJC_WEAK = YES;
				CLANG_WARN_BLOCK_CAPTURE_AUTORELEASING = YES;
				CLANG_WARN_BOOL_CONVERSION = YES;
				CLANG_WARN_COMMA = YES;
				CLANG_WARN_CONSTANT_CONVERSION = YES;
				CLANG_WARN_DEPRECATED_OBJC_IMPLEMENTATIONS = YES;
				CLANG_WARN_DIRECT_OBJC_ISA_USAGE = YES_ERROR;
				CLANG_WARN_DOCUMENTATION_COMMENTS = YES;
				CLANG_WARN_EMPTY_BODY = YES;
				CLANG_WARN_ENUM_CONVERSION = YES;
				CLANG_WARN_INFINITE_RECURSION = YES;
				CLANG_WARN_INT_CONVERSION = YES;
				CLANG_WARN_NON_LITERAL_NULL_CONVERSION = YES;
				CLANG_WARN_OBJC_IMPLICIT_RETAIN_SELF = YES;
				CLANG_WARN_OBJC_LITERAL_CONVERSION = YES;
				CLANG_WARN_OBJC_ROOT_CLASS = YES_ERROR;
				CLANG_WARN_RANGE_LOOP_ANALYSIS = YES;
				CLANG_WARN_STRICT_PROTOTYPES = YES;
				CLANG_WARN_SUSPICIOUS_MOVE = YES;
				CLANG_WARN_UNGUARDED_AVAILABILITY = YES_AGGRESSIVE;
				CLANG_WARN_UNREACHABLE_CODE = YES;
				CLANG_WARN__DUPLICATE_METHOD_MATCH = YES;
				CODE_SIGN_IDENTITY = "iPhone Developer";
				COPY_PHASE_STRIP = NO;
				DEBUG_INFORMATION_FORMAT = dwarf;
				ENABLE_STRICT_OBJC_MSGSEND = YES;
				ENABLE_TESTABILITY = YES;
				GCC_C_LANGUAGE_STANDARD = gnu11;
				GCC_DYNAMIC_NO_PIC = NO;
				GCC_NO_COMMON_BLOCKS = YES;
				GCC_OPTIMIZATION_LEVEL = 0;
				GCC_PREPROCESSOR_DEFINITIONS = (
					"DEBUG=1",
					"$(inherited)",
				);
				GCC_WARN_64_TO_32_BIT_CONVERSION = YES;
				GCC_WARN_ABOUT_RETURN_TYPE = YES_ERROR;
				GCC_WARN_UNDECLARED_SELECTOR = YES;
				GCC_WARN_UNINITIALIZED_AUTOS = YES_AGGRESSIVE;
				GCC_WARN_UNUSED_FUNCTION = YES;
				GCC_WARN_UNUSED_VARIABLE = YES;
				IPHONEOS_DEPLOYMENT_TARGET = 12.0;
				MTL_ENABLE_DEBUG_INFO = INCLUDE_SOURCE;
				MTL_FAST_MATH = YES;
				ONLY_ACTIVE_ARCH = YES;
				SDKROOT = iphoneos;
				SWIFT_ACTIVE_COMPILATION_CONDITIONS = DEBUG;
				SWIFT_OPTIMIZATION_LEVEL = "-Onone";
			};
			name = Debug;
		};
		A2077573218AA00B00D97B5F /* Release */ = {
			isa = XCBuildConfiguration;
			buildSettings = {
				ALWAYS_SEARCH_USER_PATHS = NO;
				CLANG_ANALYZER_NONNULL = YES;
				CLANG_ANALYZER_NUMBER_OBJECT_CONVERSION = YES_AGGRESSIVE;
				CLANG_CXX_LANGUAGE_STANDARD = "gnu++14";
				CLANG_CXX_LIBRARY = "libc++";
				CLANG_ENABLE_MODULES = YES;
				CLANG_ENABLE_OBJC_ARC = YES;
				CLANG_ENABLE_OBJC_WEAK = YES;
				CLANG_WARN_BLOCK_CAPTURE_AUTORELEASING = YES;
				CLANG_WARN_BOOL_CONVERSION = YES;
				CLANG_WARN_COMMA = YES;
				CLANG_WARN_CONSTANT_CONVERSION = YES;
				CLANG_WARN_DEPRECATED_OBJC_IMPLEMENTATIONS = YES;
				CLANG_WARN_DIRECT_OBJC_ISA_USAGE = YES_ERROR;
				CLANG_WARN_DOCUMENTATION_COMMENTS = YES;
				CLANG_WARN_EMPTY_BODY = YES;
				CLANG_WARN_ENUM_CONVERSION = YES;
				CLANG_WARN_INFINITE_RECURSION = YES;
				CLANG_WARN_INT_CONVERSION = YES;
				CLANG_WARN_NON_LITERAL_NULL_CONVERSION = YES;
				CLANG_WARN_OBJC_IMPLICIT_RETAIN_SELF = YES;
				CLANG_WARN_OBJC_LITERAL_CONVERSION = YES;
				CLANG_WARN_OBJC_ROOT_CLASS = YES_ERROR;
				CLANG_WARN_RANGE_LOOP_ANALYSIS = YES;
				CLANG_WARN_STRICT_PROTOTYPES = YES;
				CLANG_WARN_SUSPICIOUS_MOVE = YES;
				CLANG_WARN_UNGUARDED_AVAILABILITY = YES_AGGRESSIVE;
				CLANG_WARN_UNREACHABLE_CODE = YES;
				CLANG_WARN__DUPLICATE_METHOD_MATCH = YES;
				CODE_SIGN_IDENTITY = "iPhone Developer";
				COPY_PHASE_STRIP = NO;
				DEBUG_INFORMATION_FORMAT = "dwarf-with-dsym";
				ENABLE_NS_ASSERTIONS = NO;
				ENABLE_STRICT_OBJC_MSGSEND = YES;
				GCC_C_LANGUAGE_STANDARD = gnu11;
				GCC_NO_COMMON_BLOCKS = YES;
				GCC_WARN_64_TO_32_BIT_CONVERSION = YES;
				GCC_WARN_ABOUT_RETURN_TYPE = YES_ERROR;
				GCC_WARN_UNDECLARED_SELECTOR = YES;
				GCC_WARN_UNINITIALIZED_AUTOS = YES_AGGRESSIVE;
				GCC_WARN_UNUSED_FUNCTION = YES;
				GCC_WARN_UNUSED_VARIABLE = YES;
				IPHONEOS_DEPLOYMENT_TARGET = 12.0;
				MTL_ENABLE_DEBUG_INFO = NO;
				MTL_FAST_MATH = YES;
				SDKROOT = iphoneos;
				SWIFT_COMPILATION_MODE = wholemodule;
				SWIFT_OPTIMIZATION_LEVEL = "-O";
				VALIDATE_PRODUCT = YES;
			};
			name = Release;
		};
		A2077575218AA00B00D97B5F /* Debug */ = {
			isa = XCBuildConfiguration;
			buildSettings = {
				ASSETCATALOG_COMPILER_APPICON_NAME = AppIcon;
				CODE_SIGN_STYLE = Automatic;
				DEVELOPMENT_TEAM = RN28AXDR66;
				INFOPLIST_FILE = BASIC/Info.plist;
				IPHONEOS_DEPLOYMENT_TARGET = 11.0;
				LD_RUNPATH_SEARCH_PATHS = (
					"$(inherited)",
					"@executable_path/Frameworks",
				);
				PRODUCT_BUNDLE_IDENTIFIER = jemin.BASIC;
				PRODUCT_NAME = "$(TARGET_NAME)";
				SWIFT_VERSION = 4.2;
				TARGETED_DEVICE_FAMILY = "1,2";
			};
			name = Debug;
		};
		A2077576218AA00B00D97B5F /* Release */ = {
			isa = XCBuildConfiguration;
			buildSettings = {
				ASSETCATALOG_COMPILER_APPICON_NAME = AppIcon;
				CODE_SIGN_STYLE = Automatic;
				DEVELOPMENT_TEAM = RN28AXDR66;
				INFOPLIST_FILE = BASIC/Info.plist;
				IPHONEOS_DEPLOYMENT_TARGET = 11.0;
				LD_RUNPATH_SEARCH_PATHS = (
					"$(inherited)",
					"@executable_path/Frameworks",
				);
				PRODUCT_BUNDLE_IDENTIFIER = jemin.BASIC;
				PRODUCT_NAME = "$(TARGET_NAME)";
				SWIFT_VERSION = 4.2;
				TARGETED_DEVICE_FAMILY = "1,2";
			};
			name = Release;
		};
		A295A3B7219600C600A3CA33 /* Debug */ = {
			isa = XCBuildConfiguration;
			buildSettings = {
				BUNDLE_LOADER = "$(TEST_HOST)";
				CODE_SIGN_STYLE = Automatic;
				DEVELOPMENT_TEAM = RN28AXDR66;
				INFOPLIST_FILE = BASICTests/Info.plist;
				LD_RUNPATH_SEARCH_PATHS = (
					"$(inherited)",
					"@executable_path/Frameworks",
					"@loader_path/Frameworks",
				);
				PRODUCT_BUNDLE_IDENTIFIER = jemin.BASICTests;
				PRODUCT_NAME = "$(TARGET_NAME)";
				SWIFT_VERSION = 4.2;
				TARGETED_DEVICE_FAMILY = "1,2";
				TEST_HOST = "$(BUILT_PRODUCTS_DIR)/BASIC.app/BASIC";
			};
			name = Debug;
		};
		A295A3B8219600C600A3CA33 /* Release */ = {
			isa = XCBuildConfiguration;
			buildSettings = {
				BUNDLE_LOADER = "$(TEST_HOST)";
				CODE_SIGN_STYLE = Automatic;
				DEVELOPMENT_TEAM = RN28AXDR66;
				INFOPLIST_FILE = BASICTests/Info.plist;
				LD_RUNPATH_SEARCH_PATHS = (
					"$(inherited)",
					"@executable_path/Frameworks",
					"@loader_path/Frameworks",
				);
				PRODUCT_BUNDLE_IDENTIFIER = jemin.BASICTests;
				PRODUCT_NAME = "$(TARGET_NAME)";
				SWIFT_VERSION = 4.2;
				TARGETED_DEVICE_FAMILY = "1,2";
				TEST_HOST = "$(BUILT_PRODUCTS_DIR)/BASIC.app/BASIC";
			};
			name = Release;
		};
		A295A3C5219600D300A3CA33 /* Debug */ = {
			isa = XCBuildConfiguration;
			buildSettings = {
				CODE_SIGN_STYLE = Automatic;
				DEVELOPMENT_TEAM = RN28AXDR66;
				INFOPLIST_FILE = BASICUITests/Info.plist;
				LD_RUNPATH_SEARCH_PATHS = (
					"$(inherited)",
					"@executable_path/Frameworks",
					"@loader_path/Frameworks",
				);
				PRODUCT_BUNDLE_IDENTIFIER = jemin.BASICUITests;
				PRODUCT_NAME = "$(TARGET_NAME)";
				SWIFT_VERSION = 4.2;
				TARGETED_DEVICE_FAMILY = "1,2";
				TEST_TARGET_NAME = BASIC;
			};
			name = Debug;
		};
		A295A3C6219600D300A3CA33 /* Release */ = {
			isa = XCBuildConfiguration;
			buildSettings = {
				CODE_SIGN_STYLE = Automatic;
				DEVELOPMENT_TEAM = RN28AXDR66;
				INFOPLIST_FILE = BASICUITests/Info.plist;
				LD_RUNPATH_SEARCH_PATHS = (
					"$(inherited)",
					"@executable_path/Frameworks",
					"@loader_path/Frameworks",
				);
				PRODUCT_BUNDLE_IDENTIFIER = jemin.BASICUITests;
				PRODUCT_NAME = "$(TARGET_NAME)";
				SWIFT_VERSION = 4.2;
				TARGETED_DEVICE_FAMILY = "1,2";
				TEST_TARGET_NAME = BASIC;
			};
			name = Release;
		};
/* End XCBuildConfiguration section */

/* Begin XCConfigurationList section */
		A207755D218AA00900D97B5F /* Build configuration list for PBXProject "BASIC" */ = {
			isa = XCConfigurationList;
			buildConfigurations = (
				A2077572218AA00B00D97B5F /* Debug */,
				A2077573218AA00B00D97B5F /* Release */,
			);
			defaultConfigurationIsVisible = 0;
			defaultConfigurationName = Release;
		};
		A2077574218AA00B00D97B5F /* Build configuration list for PBXNativeTarget "BASIC" */ = {
			isa = XCConfigurationList;
			buildConfigurations = (
				A2077575218AA00B00D97B5F /* Debug */,
				A2077576218AA00B00D97B5F /* Release */,
			);
			defaultConfigurationIsVisible = 0;
			defaultConfigurationName = Release;
		};
		A295A3B6219600C600A3CA33 /* Build configuration list for PBXNativeTarget "BASICTests" */ = {
			isa = XCConfigurationList;
			buildConfigurations = (
				A295A3B7219600C600A3CA33 /* Debug */,
				A295A3B8219600C600A3CA33 /* Release */,
			);
			defaultConfigurationIsVisible = 0;
			defaultConfigurationName = Release;
		};
		A295A3C4219600D300A3CA33 /* Build configuration list for PBXNativeTarget "BASICUITests" */ = {
			isa = XCConfigurationList;
			buildConfigurations = (
				A295A3C5219600D300A3CA33 /* Debug */,
				A295A3C6219600D300A3CA33 /* Release */,
			);
			defaultConfigurationIsVisible = 0;
			defaultConfigurationName = Release;
		};
/* End XCConfigurationList section */
	};
	rootObject = A207755A218AA00900D97B5F /* Project object */;
}
